// !$*UTF8*$!
{
	archiveVersion = 1;
	classes = {
	};
	objectVersion = 47;
	objects = {

/* Begin PBXBuildFile section */
		8102E3B01B4C1EC20005728E /* Main.storyboard in Resources */ = {isa = PBXBuildFile; fileRef = 8102E3AF1B4C1EC20005728E /* Main.storyboard */; };
		8102E3E81B4C5FAC0005728E /* LaunchScreen.xib in Resources */ = {isa = PBXBuildFile; fileRef = 8102E3E71B4C5FAC0005728E /* LaunchScreen.xib */; };
		812831DD1BD9466B00B2E23F /* KeychainUtility.m in Sources */ = {isa = PBXBuildFile; fileRef = 812831DB1BD9466B00B2E23F /* KeychainUtility.m */; };
		812831E01BD94A0300B2E23F /* DemoKeychainUtility.m in Sources */ = {isa = PBXBuildFile; fileRef = 812831DF1BD94A0300B2E23F /* DemoKeychainUtility.m */; };
		812831E21BD94CBB00B2E23F /* DemoPanel.m in Sources */ = {isa = PBXBuildFile; fileRef = 812831E11BD94CBB00B2E23F /* DemoPanel.m */; };
		8172529B1B9D930100737364 /* GdcRuntimeDispatcher.m in Sources */ = {isa = PBXBuildFile; fileRef = 8172529A1B9D930100737364 /* GdcRuntimeDispatcher.m */; };
		8176F4D21C1BA0E4004A4ECD /* AppKinetics Workflow.entitlements in Resources */ = {isa = PBXBuildFile; fileRef = 8176F4D11C1BA0E4004A4ECD /* AppKinetics Workflow.entitlements */; };
		817B2D431B1F0C6000A1D25E /* DemoTicker.m in Sources */ = {isa = PBXBuildFile; fileRef = 817B2D421B1F0C6000A1D25E /* DemoTicker.m */; };
		817CDCD71AE855570066B73B /* GdcServiceDispatcher.m in Sources */ = {isa = PBXBuildFile; fileRef = 817CDC6F1AE855570066B73B /* GdcServiceDispatcher.m */; };
		817CDCD81AE855570066B73B /* GdcServiceProvider.m in Sources */ = {isa = PBXBuildFile; fileRef = 817CDC711AE855570066B73B /* GdcServiceProvider.m */; };
		817CDCD91AE855570066B73B /* GdcServiceRequest.m in Sources */ = {isa = PBXBuildFile; fileRef = 817CDC731AE855570066B73B /* GdcServiceRequest.m */; };
		817CDCDB1AE855570066B73B /* GdcServiceProviderTransferFile.m in Sources */ = {isa = PBXBuildFile; fileRef = 817CDC781AE855570066B73B /* GdcServiceProviderTransferFile.m */; };
		817CDCDD1AE855570066B73B /* GdcServiceRequestOpenHTTPURL.m in Sources */ = {isa = PBXBuildFile; fileRef = 817CDC7C1AE855570066B73B /* GdcServiceRequestOpenHTTPURL.m */; };
		817CDCE11AE855570066B73B /* GdcServiceRequestSendEmail.m in Sources */ = {isa = PBXBuildFile; fileRef = 817CDC841AE855570066B73B /* GdcServiceRequestSendEmail.m */; };
		817CDCE21AE855570066B73B /* GdcServiceRequestTransferFile.m in Sources */ = {isa = PBXBuildFile; fileRef = 817CDC861AE855570066B73B /* GdcServiceRequestTransferFile.m */; };
		817CDCE91AE855570066B73B /* DemoConsumeOpenHTTPURL.m in Sources */ = {isa = PBXBuildFile; fileRef = 817CDC961AE855570066B73B /* DemoConsumeOpenHTTPURL.m */; };
		817CDCEC1AE855570066B73B /* DemoConsumeSendEmail.m in Sources */ = {isa = PBXBuildFile; fileRef = 817CDC9C1AE855570066B73B /* DemoConsumeSendEmail.m */; };
		817CDCED1AE855570066B73B /* DemoConsumeTransferFile.m in Sources */ = {isa = PBXBuildFile; fileRef = 817CDC9E1AE855570066B73B /* DemoConsumeTransferFile.m */; };
		817CDCEF1AE855570066B73B /* DemoProvideTransferFile.m in Sources */ = {isa = PBXBuildFile; fileRef = 817CDCA21AE855570066B73B /* DemoProvideTransferFile.m */; };
		817CDCF11AE855570066B73B /* DemoUtility.m in Sources */ = {isa = PBXBuildFile; fileRef = 817CDCA61AE855570066B73B /* DemoUtility.m */; };
		817CDCF21AE855570066B73B /* MainPage.m in Sources */ = {isa = PBXBuildFile; fileRef = 817CDCA81AE855570066B73B /* MainPage.m */; };
		817CDCF31AE855570066B73B /* MainPageForGoodDynamics.m in Sources */ = {isa = PBXBuildFile; fileRef = 817CDCAA1AE855570066B73B /* MainPageForGoodDynamics.m */; };
		817CDCF41AE855570066B73B /* DemoComponent.m in Sources */ = {isa = PBXBuildFile; fileRef = 817CDCAE1AE855570066B73B /* DemoComponent.m */; };
		817CDCF61AE855570066B73B /* PathStore.m in Sources */ = {isa = PBXBuildFile; fileRef = 817CDCB51AE855570066B73B /* PathStore.m */; };
		819683331AE8685F00E8BF5E /* GdcServiceRequestPlayBackgroundSound.m in Sources */ = {isa = PBXBuildFile; fileRef = 819683321AE8685F00E8BF5E /* GdcServiceRequestPlayBackgroundSound.m */; };
		81978E1A1AE885E7002B4E13 /* sounds in Resources */ = {isa = PBXBuildFile; fileRef = 81978E191AE885E7002B4E13 /* sounds */; };
		81BE28881C74EEA900F8A5E9 /* documents in Resources */ = {isa = PBXBuildFile; fileRef = 81BE28871C74EEA900F8A5E9 /* documents */; };
		81CA69601A77FD2300EBF7D1 /* LocalAuthentication.framework in Frameworks */ = {isa = PBXBuildFile; fileRef = 81CA695F1A77FD2300EBF7D1 /* LocalAuthentication.framework */; };
		81CB20F319713E1900733EAE /* MessageUI.framework in Frameworks */ = {isa = PBXBuildFile; fileRef = 81CB20EE19713E1900733EAE /* MessageUI.framework */; };
		81CB20F419713E1900733EAE /* MobileCoreServices.framework in Frameworks */ = {isa = PBXBuildFile; fileRef = 81CB20EF19713E1900733EAE /* MobileCoreServices.framework */; };
		81CB20F519713E1900733EAE /* QuickLook.framework in Frameworks */ = {isa = PBXBuildFile; fileRef = 81CB20F019713E1900733EAE /* QuickLook.framework */; };
		81DAE5EF1C58118B005C8EFA /* libstdc++.6.tbd in Frameworks */ = {isa = PBXBuildFile; fileRef = 81DAE5EE1C58118B005C8EFA /* libstdc++.6.tbd */; };
		81DAE5F11C581195005C8EFA /* libz.tbd in Frameworks */ = {isa = PBXBuildFile; fileRef = 81DAE5F01C581195005C8EFA /* libz.tbd */; };
		9228072B198A8D680033F4B0 /* MainPageViewController.m in Sources */ = {isa = PBXBuildFile; fileRef = 9228072A198A8D680033F4B0 /* MainPageViewController.m */; };
		92C96BB51922096A0092DBE8 /* Foundation.framework in Frameworks */ = {isa = PBXBuildFile; fileRef = 92C96BB41922096A0092DBE8 /* Foundation.framework */; };
		92C96BB71922096A0092DBE8 /* CoreGraphics.framework in Frameworks */ = {isa = PBXBuildFile; fileRef = 92C96BB61922096A0092DBE8 /* CoreGraphics.framework */; };
		92C96BB91922096A0092DBE8 /* UIKit.framework in Frameworks */ = {isa = PBXBuildFile; fileRef = 92C96BB81922096A0092DBE8 /* UIKit.framework */; };
		92C96BBB1922096A0092DBE8 /* GD.framework in Frameworks */ = {isa = PBXBuildFile; fileRef = 92C96BBA1922096A0092DBE8 /* GD.framework */; };
		92C96BBD1922096A0092DBE8 /* CoreTelephony.framework in Frameworks */ = {isa = PBXBuildFile; fileRef = 92C96BBC1922096A0092DBE8 /* CoreTelephony.framework */; };
		92C96BBF1922096A0092DBE8 /* SystemConfiguration.framework in Frameworks */ = {isa = PBXBuildFile; fileRef = 92C96BBE1922096A0092DBE8 /* SystemConfiguration.framework */; };
		92C96BC11922096A0092DBE8 /* Security.framework in Frameworks */ = {isa = PBXBuildFile; fileRef = 92C96BC01922096A0092DBE8 /* Security.framework */; };
		92C96BC31922096A0092DBE8 /* QuartzCore.framework in Frameworks */ = {isa = PBXBuildFile; fileRef = 92C96BC21922096A0092DBE8 /* QuartzCore.framework */; };
		92C96BC51922096A0092DBE8 /* CFNetwork.framework in Frameworks */ = {isa = PBXBuildFile; fileRef = 92C96BC41922096A0092DBE8 /* CFNetwork.framework */; };
		92C96BC71922096A0092DBE8 /* CoreData.framework in Frameworks */ = {isa = PBXBuildFile; fileRef = 92C96BC61922096A0092DBE8 /* CoreData.framework */; };
		92C96BCF1922096A0092DBE8 /* InfoPlist.strings in Resources */ = {isa = PBXBuildFile; fileRef = 92C96BCD1922096A0092DBE8 /* InfoPlist.strings */; };
		92C96BD11922096A0092DBE8 /* main.m in Sources */ = {isa = PBXBuildFile; fileRef = 92C96BD01922096A0092DBE8 /* main.m */; };
		92C96BD51922096A0092DBE8 /* AppDelegate.m in Sources */ = {isa = PBXBuildFile; fileRef = 92C96BD41922096A0092DBE8 /* AppDelegate.m */; };
		92C96BE31922096B0092DBE8 /* Images.xcassets in Resources */ = {isa = PBXBuildFile; fileRef = 92C96BE21922096B0092DBE8 /* Images.xcassets */; };
		92C96C0219220CB80092DBE8 /* GDAssets.bundle in Resources */ = {isa = PBXBuildFile; fileRef = 92C96C0119220CB80092DBE8 /* GDAssets.bundle */; };
		92C96C6C1922268C0092DBE8 /* workflowlogo_xcf.png in Resources */ = {isa = PBXBuildFile; fileRef = 92C96C6B1922268C0092DBE8 /* workflowlogo_xcf.png */; };
/* End PBXBuildFile section */

/* Begin PBXFileReference section */
		8102E3AF1B4C1EC20005728E /* Main.storyboard */ = {isa = PBXFileReference; fileEncoding = 4; lastKnownFileType = file.storyboard; path = Main.storyboard; sourceTree = "<group>"; };
		8102E3E71B4C5FAC0005728E /* LaunchScreen.xib */ = {isa = PBXFileReference; fileEncoding = 4; lastKnownFileType = file.xib; path = LaunchScreen.xib; sourceTree = "<group>"; };
		812831DA1BD9466B00B2E23F /* KeychainUtility.h */ = {isa = PBXFileReference; fileEncoding = 4; lastKnownFileType = sourcecode.c.h; path = KeychainUtility.h; sourceTree = "<group>"; };
		812831DB1BD9466B00B2E23F /* KeychainUtility.m */ = {isa = PBXFileReference; fileEncoding = 4; lastKnownFileType = sourcecode.c.objc; path = KeychainUtility.m; sourceTree = "<group>"; };
		812831DE1BD94A0300B2E23F /* DemoKeychainUtility.h */ = {isa = PBXFileReference; fileEncoding = 4; lastKnownFileType = sourcecode.c.h; path = DemoKeychainUtility.h; sourceTree = "<group>"; };
		812831DF1BD94A0300B2E23F /* DemoKeychainUtility.m */ = {isa = PBXFileReference; fileEncoding = 4; lastKnownFileType = sourcecode.c.objc; path = DemoKeychainUtility.m; sourceTree = "<group>"; };
		812831E11BD94CBB00B2E23F /* DemoPanel.m */ = {isa = PBXFileReference; fileEncoding = 4; lastKnownFileType = sourcecode.c.objc; path = DemoPanel.m; sourceTree = "<group>"; };
		8151CB2E1A16694C00CC6E70 /* Info.plist */ = {isa = PBXFileReference; fileEncoding = 4; lastKnownFileType = text.plist.xml; path = Info.plist; sourceTree = "<group>"; };
		817252981B9D92EB00737364 /* DemoPanel.h */ = {isa = PBXFileReference; fileEncoding = 4; lastKnownFileType = sourcecode.c.h; path = DemoPanel.h; sourceTree = "<group>"; };
		817252991B9D930100737364 /* GdcRuntimeDispatcher.h */ = {isa = PBXFileReference; fileEncoding = 4; lastKnownFileType = sourcecode.c.h; path = GdcRuntimeDispatcher.h; sourceTree = "<group>"; };
		8172529A1B9D930100737364 /* GdcRuntimeDispatcher.m */ = {isa = PBXFileReference; fileEncoding = 4; lastKnownFileType = sourcecode.c.objc; path = GdcRuntimeDispatcher.m; sourceTree = "<group>"; };
		8176F4D11C1BA0E4004A4ECD /* AppKinetics Workflow.entitlements */ = {isa = PBXFileReference; fileEncoding = 4; lastKnownFileType = text.xml; path = "AppKinetics Workflow.entitlements"; sourceTree = "<group>"; };
		817B2D411B1F0C6000A1D25E /* DemoTicker.h */ = {isa = PBXFileReference; fileEncoding = 4; lastKnownFileType = sourcecode.c.h; path = DemoTicker.h; sourceTree = "<group>"; };
		817B2D421B1F0C6000A1D25E /* DemoTicker.m */ = {isa = PBXFileReference; fileEncoding = 4; lastKnownFileType = sourcecode.c.objc; path = DemoTicker.m; sourceTree = "<group>"; };
		817CDC6E1AE855570066B73B /* GdcServiceDispatcher.h */ = {isa = PBXFileReference; fileEncoding = 4; lastKnownFileType = sourcecode.c.h; path = GdcServiceDispatcher.h; sourceTree = "<group>"; };
		817CDC6F1AE855570066B73B /* GdcServiceDispatcher.m */ = {isa = PBXFileReference; fileEncoding = 4; lastKnownFileType = sourcecode.c.objc; path = GdcServiceDispatcher.m; sourceTree = "<group>"; };
		817CDC701AE855570066B73B /* GdcServiceProvider.h */ = {isa = PBXFileReference; fileEncoding = 4; lastKnownFileType = sourcecode.c.h; path = GdcServiceProvider.h; sourceTree = "<group>"; };
		817CDC711AE855570066B73B /* GdcServiceProvider.m */ = {isa = PBXFileReference; fileEncoding = 4; lastKnownFileType = sourcecode.c.objc; path = GdcServiceProvider.m; sourceTree = "<group>"; };
		817CDC721AE855570066B73B /* GdcServiceRequest.h */ = {isa = PBXFileReference; fileEncoding = 4; lastKnownFileType = sourcecode.c.h; path = GdcServiceRequest.h; sourceTree = "<group>"; };
		817CDC731AE855570066B73B /* GdcServiceRequest.m */ = {isa = PBXFileReference; fileEncoding = 4; lastKnownFileType = sourcecode.c.objc; path = GdcServiceRequest.m; sourceTree = "<group>"; };
		817CDC771AE855570066B73B /* GdcServiceProviderTransferFile.h */ = {isa = PBXFileReference; fileEncoding = 4; lastKnownFileType = sourcecode.c.h; path = GdcServiceProviderTransferFile.h; sourceTree = "<group>"; };
		817CDC781AE855570066B73B /* GdcServiceProviderTransferFile.m */ = {isa = PBXFileReference; fileEncoding = 4; lastKnownFileType = sourcecode.c.objc; path = GdcServiceProviderTransferFile.m; sourceTree = "<group>"; };
		817CDC7B1AE855570066B73B /* GdcServiceRequestOpenHTTPURL.h */ = {isa = PBXFileReference; fileEncoding = 4; lastKnownFileType = sourcecode.c.h; path = GdcServiceRequestOpenHTTPURL.h; sourceTree = "<group>"; };
		817CDC7C1AE855570066B73B /* GdcServiceRequestOpenHTTPURL.m */ = {isa = PBXFileReference; fileEncoding = 4; lastKnownFileType = sourcecode.c.objc; path = GdcServiceRequestOpenHTTPURL.m; sourceTree = "<group>"; };
		817CDC831AE855570066B73B /* GdcServiceRequestSendEmail.h */ = {isa = PBXFileReference; fileEncoding = 4; lastKnownFileType = sourcecode.c.h; path = GdcServiceRequestSendEmail.h; sourceTree = "<group>"; };
		817CDC841AE855570066B73B /* GdcServiceRequestSendEmail.m */ = {isa = PBXFileReference; fileEncoding = 4; lastKnownFileType = sourcecode.c.objc; path = GdcServiceRequestSendEmail.m; sourceTree = "<group>"; };
		817CDC851AE855570066B73B /* GdcServiceRequestTransferFile.h */ = {isa = PBXFileReference; fileEncoding = 4; lastKnownFileType = sourcecode.c.h; path = GdcServiceRequestTransferFile.h; sourceTree = "<group>"; };
		817CDC861AE855570066B73B /* GdcServiceRequestTransferFile.m */ = {isa = PBXFileReference; fileEncoding = 4; lastKnownFileType = sourcecode.c.objc; path = GdcServiceRequestTransferFile.m; sourceTree = "<group>"; };
		817CDC951AE855570066B73B /* DemoConsumeOpenHTTPURL.h */ = {isa = PBXFileReference; fileEncoding = 4; lastKnownFileType = sourcecode.c.h; path = DemoConsumeOpenHTTPURL.h; sourceTree = "<group>"; };
		817CDC961AE855570066B73B /* DemoConsumeOpenHTTPURL.m */ = {isa = PBXFileReference; fileEncoding = 4; lastKnownFileType = sourcecode.c.objc; path = DemoConsumeOpenHTTPURL.m; sourceTree = "<group>"; };
		817CDC9B1AE855570066B73B /* DemoConsumeSendEmail.h */ = {isa = PBXFileReference; fileEncoding = 4; lastKnownFileType = sourcecode.c.h; path = DemoConsumeSendEmail.h; sourceTree = "<group>"; };
		817CDC9C1AE855570066B73B /* DemoConsumeSendEmail.m */ = {isa = PBXFileReference; fileEncoding = 4; lastKnownFileType = sourcecode.c.objc; path = DemoConsumeSendEmail.m; sourceTree = "<group>"; };
		817CDC9D1AE855570066B73B /* DemoConsumeTransferFile.h */ = {isa = PBXFileReference; fileEncoding = 4; lastKnownFileType = sourcecode.c.h; path = DemoConsumeTransferFile.h; sourceTree = "<group>"; };
		817CDC9E1AE855570066B73B /* DemoConsumeTransferFile.m */ = {isa = PBXFileReference; fileEncoding = 4; lastKnownFileType = sourcecode.c.objc; path = DemoConsumeTransferFile.m; sourceTree = "<group>"; };
		817CDCA11AE855570066B73B /* DemoProvideTransferFile.h */ = {isa = PBXFileReference; fileEncoding = 4; lastKnownFileType = sourcecode.c.h; path = DemoProvideTransferFile.h; sourceTree = "<group>"; };
		817CDCA21AE855570066B73B /* DemoProvideTransferFile.m */ = {isa = PBXFileReference; fileEncoding = 4; lastKnownFileType = sourcecode.c.objc; path = DemoProvideTransferFile.m; sourceTree = "<group>"; };
		817CDCA51AE855570066B73B /* DemoUtility.h */ = {isa = PBXFileReference; fileEncoding = 4; lastKnownFileType = sourcecode.c.h; path = DemoUtility.h; sourceTree = "<group>"; };
		817CDCA61AE855570066B73B /* DemoUtility.m */ = {isa = PBXFileReference; fileEncoding = 4; lastKnownFileType = sourcecode.c.objc; path = DemoUtility.m; sourceTree = "<group>"; };
		817CDCA71AE855570066B73B /* MainPage.h */ = {isa = PBXFileReference; fileEncoding = 4; lastKnownFileType = sourcecode.c.h; path = MainPage.h; sourceTree = "<group>"; };
		817CDCA81AE855570066B73B /* MainPage.m */ = {isa = PBXFileReference; fileEncoding = 4; lastKnownFileType = sourcecode.c.objc; path = MainPage.m; sourceTree = "<group>"; };
		817CDCA91AE855570066B73B /* MainPageForGoodDynamics.h */ = {isa = PBXFileReference; fileEncoding = 4; lastKnownFileType = sourcecode.c.h; path = MainPageForGoodDynamics.h; sourceTree = "<group>"; };
		817CDCAA1AE855570066B73B /* MainPageForGoodDynamics.m */ = {isa = PBXFileReference; fileEncoding = 4; lastKnownFileType = sourcecode.c.objc; path = MainPageForGoodDynamics.m; sourceTree = "<group>"; };
		817CDCAC1AE855570066B73B /* DemoComponent-protocol.h */ = {isa = PBXFileReference; fileEncoding = 4; lastKnownFileType = sourcecode.c.h; path = "DemoComponent-protocol.h"; sourceTree = "<group>"; };
		817CDCAD1AE855570066B73B /* DemoComponent.h */ = {isa = PBXFileReference; fileEncoding = 4; lastKnownFileType = sourcecode.c.h; path = DemoComponent.h; sourceTree = "<group>"; };
		817CDCAE1AE855570066B73B /* DemoComponent.m */ = {isa = PBXFileReference; fileEncoding = 4; lastKnownFileType = sourcecode.c.objc; path = DemoComponent.m; sourceTree = "<group>"; };
		817CDCAF1AE855570066B73B /* DemoUserInterface.h */ = {isa = PBXFileReference; fileEncoding = 4; lastKnownFileType = sourcecode.c.h; path = DemoUserInterface.h; sourceTree = "<group>"; };
		817CDCB41AE855570066B73B /* PathStore.h */ = {isa = PBXFileReference; fileEncoding = 4; lastKnownFileType = sourcecode.c.h; path = PathStore.h; sourceTree = "<group>"; };
		817CDCB51AE855570066B73B /* PathStore.m */ = {isa = PBXFileReference; fileEncoding = 4; lastKnownFileType = sourcecode.c.objc; path = PathStore.m; sourceTree = "<group>"; };
		819683311AE8685F00E8BF5E /* GdcServiceRequestPlayBackgroundSound.h */ = {isa = PBXFileReference; fileEncoding = 4; lastKnownFileType = sourcecode.c.h; path = GdcServiceRequestPlayBackgroundSound.h; sourceTree = "<group>"; };
		819683321AE8685F00E8BF5E /* GdcServiceRequestPlayBackgroundSound.m */ = {isa = PBXFileReference; fileEncoding = 4; lastKnownFileType = sourcecode.c.objc; path = GdcServiceRequestPlayBackgroundSound.m; sourceTree = "<group>"; };
		81978E191AE885E7002B4E13 /* sounds */ = {isa = PBXFileReference; lastKnownFileType = folder; name = sounds; path = "AppKinetics Workflow/sounds"; sourceTree = "<group>"; };
		81BE28871C74EEA900F8A5E9 /* documents */ = {isa = PBXFileReference; lastKnownFileType = folder; name = documents; path = "AppKinetics Workflow/documents"; sourceTree = "<group>"; };
		81CA695F1A77FD2300EBF7D1 /* LocalAuthentication.framework */ = {isa = PBXFileReference; lastKnownFileType = wrapper.framework; name = LocalAuthentication.framework; path = System/Library/Frameworks/LocalAuthentication.framework; sourceTree = SDKROOT; };
		81CB20EE19713E1900733EAE /* MessageUI.framework */ = {isa = PBXFileReference; lastKnownFileType = wrapper.framework; name = MessageUI.framework; path = System/Library/Frameworks/MessageUI.framework; sourceTree = SDKROOT; };
		81CB20EF19713E1900733EAE /* MobileCoreServices.framework */ = {isa = PBXFileReference; lastKnownFileType = wrapper.framework; name = MobileCoreServices.framework; path = System/Library/Frameworks/MobileCoreServices.framework; sourceTree = SDKROOT; };
		81CB20F019713E1900733EAE /* QuickLook.framework */ = {isa = PBXFileReference; lastKnownFileType = wrapper.framework; name = QuickLook.framework; path = System/Library/Frameworks/QuickLook.framework; sourceTree = SDKROOT; };
		81CB20F619713FB800733EAE /* default.xcconfig */ = {isa = PBXFileReference; fileEncoding = 4; lastKnownFileType = text.xcconfig; path = default.xcconfig; sourceTree = "<group>"; };
		81DAE5EE1C58118B005C8EFA /* libstdc++.6.tbd */ = {isa = PBXFileReference; lastKnownFileType = "sourcecode.text-based-dylib-definition"; name = "libstdc++.6.tbd"; path = "usr/lib/libstdc++.6.tbd"; sourceTree = SDKROOT; };
		81DAE5F01C581195005C8EFA /* libz.tbd */ = {isa = PBXFileReference; lastKnownFileType = "sourcecode.text-based-dylib-definition"; name = libz.tbd; path = usr/lib/libz.tbd; sourceTree = SDKROOT; };
		81FCEEE41C1B9ADC0056FA20 /* swift.xcconfig */ = {isa = PBXFileReference; fileEncoding = 4; lastKnownFileType = text.xcconfig; path = swift.xcconfig; sourceTree = "<group>"; };
		92280729198A8D680033F4B0 /* MainPageViewController.h */ = {isa = PBXFileReference; fileEncoding = 4; lastKnownFileType = sourcecode.c.h; path = MainPageViewController.h; sourceTree = "<group>"; };
		9228072A198A8D680033F4B0 /* MainPageViewController.m */ = {isa = PBXFileReference; fileEncoding = 4; lastKnownFileType = sourcecode.c.objc; path = MainPageViewController.m; sourceTree = "<group>"; };
		92C96BB11922096A0092DBE8 /* AppKinetics Workflow.app */ = {isa = PBXFileReference; explicitFileType = wrapper.application; includeInIndex = 0; path = "AppKinetics Workflow.app"; sourceTree = BUILT_PRODUCTS_DIR; };
		92C96BB41922096A0092DBE8 /* Foundation.framework */ = {isa = PBXFileReference; lastKnownFileType = wrapper.framework; name = Foundation.framework; path = System/Library/Frameworks/Foundation.framework; sourceTree = SDKROOT; };
		92C96BB61922096A0092DBE8 /* CoreGraphics.framework */ = {isa = PBXFileReference; lastKnownFileType = wrapper.framework; name = CoreGraphics.framework; path = System/Library/Frameworks/CoreGraphics.framework; sourceTree = SDKROOT; };
		92C96BB81922096A0092DBE8 /* UIKit.framework */ = {isa = PBXFileReference; lastKnownFileType = wrapper.framework; name = UIKit.framework; path = System/Library/Frameworks/UIKit.framework; sourceTree = SDKROOT; };
		92C96BBA1922096A0092DBE8 /* GD.framework */ = {isa = PBXFileReference; lastKnownFileType = wrapper.framework; name = GD.framework; path = System/Library/Frameworks/GD.framework; sourceTree = SDKROOT; };
		92C96BBC1922096A0092DBE8 /* CoreTelephony.framework */ = {isa = PBXFileReference; lastKnownFileType = wrapper.framework; name = CoreTelephony.framework; path = System/Library/Frameworks/CoreTelephony.framework; sourceTree = SDKROOT; };
		92C96BBE1922096A0092DBE8 /* SystemConfiguration.framework */ = {isa = PBXFileReference; lastKnownFileType = wrapper.framework; name = SystemConfiguration.framework; path = System/Library/Frameworks/SystemConfiguration.framework; sourceTree = SDKROOT; };
		92C96BC01922096A0092DBE8 /* Security.framework */ = {isa = PBXFileReference; lastKnownFileType = wrapper.framework; name = Security.framework; path = System/Library/Frameworks/Security.framework; sourceTree = SDKROOT; };
		92C96BC21922096A0092DBE8 /* QuartzCore.framework */ = {isa = PBXFileReference; lastKnownFileType = wrapper.framework; name = QuartzCore.framework; path = System/Library/Frameworks/QuartzCore.framework; sourceTree = SDKROOT; };
		92C96BC41922096A0092DBE8 /* CFNetwork.framework */ = {isa = PBXFileReference; lastKnownFileType = wrapper.framework; name = CFNetwork.framework; path = System/Library/Frameworks/CFNetwork.framework; sourceTree = SDKROOT; };
		92C96BC61922096A0092DBE8 /* CoreData.framework */ = {isa = PBXFileReference; lastKnownFileType = wrapper.framework; name = CoreData.framework; path = System/Library/Frameworks/CoreData.framework; sourceTree = SDKROOT; };
		92C96BC81922096A0092DBE8 /* AdSupport.framework */ = {isa = PBXFileReference; lastKnownFileType = wrapper.framework; name = AdSupport.framework; path = System/Library/Frameworks/AdSupport.framework; sourceTree = SDKROOT; };
		92C96BCE1922096A0092DBE8 /* en */ = {isa = PBXFileReference; lastKnownFileType = text.plist.strings; name = en; path = en.lproj/InfoPlist.strings; sourceTree = "<group>"; };
		92C96BD01922096A0092DBE8 /* main.m */ = {isa = PBXFileReference; lastKnownFileType = sourcecode.c.objc; path = main.m; sourceTree = "<group>"; };
		92C96BD21922096A0092DBE8 /* AppKinetics Workflow-Prefix.pch */ = {isa = PBXFileReference; lastKnownFileType = sourcecode.c.h; path = "AppKinetics Workflow-Prefix.pch"; sourceTree = "<group>"; };
		92C96BD31922096A0092DBE8 /* AppDelegate.h */ = {isa = PBXFileReference; lastKnownFileType = sourcecode.c.h; path = AppDelegate.h; sourceTree = "<group>"; };
		92C96BD41922096A0092DBE8 /* AppDelegate.m */ = {isa = PBXFileReference; lastKnownFileType = sourcecode.c.objc; path = AppDelegate.m; sourceTree = "<group>"; };
		92C96BE21922096B0092DBE8 /* Images.xcassets */ = {isa = PBXFileReference; lastKnownFileType = folder.assetcatalog; path = Images.xcassets; sourceTree = "<group>"; };
		92C96C0119220CB80092DBE8 /* GDAssets.bundle */ = {isa = PBXFileReference; lastKnownFileType = "wrapper.plug-in"; name = GDAssets.bundle; path = System/Library/Frameworks/GD.framework/Resources/GDAssets.bundle; sourceTree = SDKROOT; };
		92C96C6A1922226B0092DBE8 /* readme.txt */ = {isa = PBXFileReference; lastKnownFileType = text; name = readme.txt; path = "AppKinetics Workflow/readme.txt"; sourceTree = "<group>"; };
		92C96C6B1922268C0092DBE8 /* workflowlogo_xcf.png */ = {isa = PBXFileReference; lastKnownFileType = image.png; path = workflowlogo_xcf.png; sourceTree = "<group>"; };
/* End PBXFileReference section */

/* Begin PBXFrameworksBuildPhase section */
		92C96BAE1922096A0092DBE8 /* Frameworks */ = {
			isa = PBXFrameworksBuildPhase;
			buildActionMask = 2147483647;
			files = (
				81DAE5F11C581195005C8EFA /* libz.tbd in Frameworks */,
				81DAE5EF1C58118B005C8EFA /* libstdc++.6.tbd in Frameworks */,
				81CA69601A77FD2300EBF7D1 /* LocalAuthentication.framework in Frameworks */,
				81CB20F319713E1900733EAE /* MessageUI.framework in Frameworks */,
				81CB20F419713E1900733EAE /* MobileCoreServices.framework in Frameworks */,
				81CB20F519713E1900733EAE /* QuickLook.framework in Frameworks */,
				92C96BC31922096A0092DBE8 /* QuartzCore.framework in Frameworks */,
				92C96BC11922096A0092DBE8 /* Security.framework in Frameworks */,
				92C96BBF1922096A0092DBE8 /* SystemConfiguration.framework in Frameworks */,
				92C96BC51922096A0092DBE8 /* CFNetwork.framework in Frameworks */,
				92C96BB71922096A0092DBE8 /* CoreGraphics.framework in Frameworks */,
				92C96BB91922096A0092DBE8 /* UIKit.framework in Frameworks */,
				92C96BBD1922096A0092DBE8 /* CoreTelephony.framework in Frameworks */,
				92C96BB51922096A0092DBE8 /* Foundation.framework in Frameworks */,
				92C96BC71922096A0092DBE8 /* CoreData.framework in Frameworks */,
				92C96BBB1922096A0092DBE8 /* GD.framework in Frameworks */,
			);
			runOnlyForDeploymentPostprocessing = 0;
		};
/* End PBXFrameworksBuildPhase section */

/* Begin PBXGroup section */
		812831D81BD9466B00B2E23F /* system */ = {
			isa = PBXGroup;
			children = (
				812831DA1BD9466B00B2E23F /* KeychainUtility.h */,
				812831DB1BD9466B00B2E23F /* KeychainUtility.m */,
			);
			path = system;
			sourceTree = "<group>";
		};
		817CDC2C1AE855570066B73B /* gdcontributor */ = {
			isa = PBXGroup;
			children = (
				817CDC6B1AE855570066B73B /* src */,
			);
			name = gdcontributor;
			path = ../../..;
			sourceTree = "<group>";
		};
		817CDC6B1AE855570066B73B /* src */ = {
			isa = PBXGroup;
			children = (
				817CDC6C1AE855570066B73B /* appkinetics */,
				817CDC8A1AE855570066B73B /* demo */,
				817CDCAB1AE855570066B73B /* demoframework */,
				817CDCB01AE855570066B73B /* gdruntime */,
				817CDCB31AE855570066B73B /* pathstore */,
				812831D81BD9466B00B2E23F /* system */,
			);
			path = src;
			sourceTree = "<group>";
		};
		817CDC6C1AE855570066B73B /* appkinetics */ = {
			isa = PBXGroup;
			children = (
				817CDC6D1AE855570066B73B /* core */,
				817CDC741AE855570066B73B /* specific */,
			);
			path = appkinetics;
			sourceTree = "<group>";
		};
		817CDC6D1AE855570066B73B /* core */ = {
			isa = PBXGroup;
			children = (
				817CDC6E1AE855570066B73B /* GdcServiceDispatcher.h */,
				817CDC6F1AE855570066B73B /* GdcServiceDispatcher.m */,
				817CDC701AE855570066B73B /* GdcServiceProvider.h */,
				817CDC711AE855570066B73B /* GdcServiceProvider.m */,
				817CDC721AE855570066B73B /* GdcServiceRequest.h */,
				817CDC731AE855570066B73B /* GdcServiceRequest.m */,
			);
			path = core;
			sourceTree = "<group>";
		};
		817CDC741AE855570066B73B /* specific */ = {
			isa = PBXGroup;
			children = (
				817CDC771AE855570066B73B /* GdcServiceProviderTransferFile.h */,
				817CDC781AE855570066B73B /* GdcServiceProviderTransferFile.m */,
				817CDC7B1AE855570066B73B /* GdcServiceRequestOpenHTTPURL.h */,
				817CDC7C1AE855570066B73B /* GdcServiceRequestOpenHTTPURL.m */,
				819683311AE8685F00E8BF5E /* GdcServiceRequestPlayBackgroundSound.h */,
				819683321AE8685F00E8BF5E /* GdcServiceRequestPlayBackgroundSound.m */,
				817CDC831AE855570066B73B /* GdcServiceRequestSendEmail.h */,
				817CDC841AE855570066B73B /* GdcServiceRequestSendEmail.m */,
				817CDC851AE855570066B73B /* GdcServiceRequestTransferFile.h */,
				817CDC861AE855570066B73B /* GdcServiceRequestTransferFile.m */,
			);
			path = specific;
			sourceTree = "<group>";
		};
		817CDC8A1AE855570066B73B /* demo */ = {
			isa = PBXGroup;
			children = (
				817CDC951AE855570066B73B /* DemoConsumeOpenHTTPURL.h */,
				817CDC961AE855570066B73B /* DemoConsumeOpenHTTPURL.m */,
				817CDC9B1AE855570066B73B /* DemoConsumeSendEmail.h */,
				817CDC9C1AE855570066B73B /* DemoConsumeSendEmail.m */,
				817CDC9D1AE855570066B73B /* DemoConsumeTransferFile.h */,
				817CDC9E1AE855570066B73B /* DemoConsumeTransferFile.m */,
				812831DE1BD94A0300B2E23F /* DemoKeychainUtility.h */,
				812831DF1BD94A0300B2E23F /* DemoKeychainUtility.m */,
				817CDCA11AE855570066B73B /* DemoProvideTransferFile.h */,
				817CDCA21AE855570066B73B /* DemoProvideTransferFile.m */,
				817B2D411B1F0C6000A1D25E /* DemoTicker.h */,
				817B2D421B1F0C6000A1D25E /* DemoTicker.m */,
				817CDCA51AE855570066B73B /* DemoUtility.h */,
				817CDCA61AE855570066B73B /* DemoUtility.m */,
				817CDCA71AE855570066B73B /* MainPage.h */,
				817CDCA81AE855570066B73B /* MainPage.m */,
				817CDCA91AE855570066B73B /* MainPageForGoodDynamics.h */,
				817CDCAA1AE855570066B73B /* MainPageForGoodDynamics.m */,
			);
			path = demo;
			sourceTree = "<group>";
		};
		817CDCAB1AE855570066B73B /* demoframework */ = {
			isa = PBXGroup;
			children = (
				817CDCAC1AE855570066B73B /* DemoComponent-protocol.h */,
				817CDCAD1AE855570066B73B /* DemoComponent.h */,
				817CDCAE1AE855570066B73B /* DemoComponent.m */,
				817252981B9D92EB00737364 /* DemoPanel.h */,
				812831E11BD94CBB00B2E23F /* DemoPanel.m */,
				817CDCAF1AE855570066B73B /* DemoUserInterface.h */,
			);
			path = demoframework;
			sourceTree = "<group>";
		};
		817CDCB01AE855570066B73B /* gdruntime */ = {
			isa = PBXGroup;
			children = (
				817252991B9D930100737364 /* GdcRuntimeDispatcher.h */,
				8172529A1B9D930100737364 /* GdcRuntimeDispatcher.m */,
			);
			path = gdruntime;
			sourceTree = "<group>";
		};
		817CDCB31AE855570066B73B /* pathstore */ = {
			isa = PBXGroup;
			children = (
				817CDCB41AE855570066B73B /* PathStore.h */,
				817CDCB51AE855570066B73B /* PathStore.m */,
			);
			path = pathstore;
			sourceTree = "<group>";
		};
		92C96BA81922096A0092DBE8 = {
			isa = PBXGroup;
			children = (
				81BE28871C74EEA900F8A5E9 /* documents */,
				81978E191AE885E7002B4E13 /* sounds */,
				92C96C6A1922226B0092DBE8 /* readme.txt */,
				92C96BCA1922096A0092DBE8 /* AppKinetics Workflow */,
				92C96BB31922096A0092DBE8 /* Frameworks */,
				92C96BB21922096A0092DBE8 /* Products */,
			);
			sourceTree = "<group>";
		};
		92C96BB21922096A0092DBE8 /* Products */ = {
			isa = PBXGroup;
			children = (
				92C96BB11922096A0092DBE8 /* AppKinetics Workflow.app */,
			);
			name = Products;
			sourceTree = "<group>";
		};
		92C96BB31922096A0092DBE8 /* Frameworks */ = {
			isa = PBXGroup;
			children = (
				81DAE5F01C581195005C8EFA /* libz.tbd */,
				81DAE5EE1C58118B005C8EFA /* libstdc++.6.tbd */,
				81CA695F1A77FD2300EBF7D1 /* LocalAuthentication.framework */,
				81CB20EE19713E1900733EAE /* MessageUI.framework */,
				81CB20EF19713E1900733EAE /* MobileCoreServices.framework */,
				81CB20F019713E1900733EAE /* QuickLook.framework */,
				92C96BB41922096A0092DBE8 /* Foundation.framework */,
				92C96BB61922096A0092DBE8 /* CoreGraphics.framework */,
				92C96BB81922096A0092DBE8 /* UIKit.framework */,
				92C96BBA1922096A0092DBE8 /* GD.framework */,
				92C96BBC1922096A0092DBE8 /* CoreTelephony.framework */,
				92C96BBE1922096A0092DBE8 /* SystemConfiguration.framework */,
				92C96BC01922096A0092DBE8 /* Security.framework */,
				92C96BC21922096A0092DBE8 /* QuartzCore.framework */,
				92C96BC41922096A0092DBE8 /* CFNetwork.framework */,
				92C96BC61922096A0092DBE8 /* CoreData.framework */,
				92C96BC81922096A0092DBE8 /* AdSupport.framework */,
			);
			name = Frameworks;
			sourceTree = "<group>";
		};
		92C96BCA1922096A0092DBE8 /* AppKinetics Workflow */ = {
			isa = PBXGroup;
			children = (
				8176F4D11C1BA0E4004A4ECD /* AppKinetics Workflow.entitlements */,
				817CDC2C1AE855570066B73B /* gdcontributor */,
				92C96BD31922096A0092DBE8 /* AppDelegate.h */,
				92C96BD41922096A0092DBE8 /* AppDelegate.m */,
				92280729198A8D680033F4B0 /* MainPageViewController.h */,
				9228072A198A8D680033F4B0 /* MainPageViewController.m */,
				92C96BE21922096B0092DBE8 /* Images.xcassets */,
				92C96BDD1922096B0092DBE8 /* Resources */,
				92C96BCB1922096A0092DBE8 /* Supporting Files */,
				8102E3AF1B4C1EC20005728E /* Main.storyboard */,
				8102E3E71B4C5FAC0005728E /* LaunchScreen.xib */,
			);
			path = "AppKinetics Workflow";
			sourceTree = "<group>";
		};
		92C96BCB1922096A0092DBE8 /* Supporting Files */ = {
			isa = PBXGroup;
			children = (
				8151CB2E1A16694C00CC6E70 /* Info.plist */,
				81CB20F619713FB800733EAE /* default.xcconfig */,
				81FCEEE41C1B9ADC0056FA20 /* swift.xcconfig */,
				92C96BCD1922096A0092DBE8 /* InfoPlist.strings */,
				92C96BD01922096A0092DBE8 /* main.m */,
				92C96BD21922096A0092DBE8 /* AppKinetics Workflow-Prefix.pch */,
			);
			name = "Supporting Files";
			sourceTree = "<group>";
		};
		92C96BDD1922096B0092DBE8 /* Resources */ = {
			isa = PBXGroup;
			children = (
				92C96C6B1922268C0092DBE8 /* workflowlogo_xcf.png */,
				92C96C0119220CB80092DBE8 /* GDAssets.bundle */,
			);
			name = Resources;
			sourceTree = "<group>";
		};
/* End PBXGroup section */

/* Begin PBXNativeTarget section */
		92C96BB01922096A0092DBE8 /* AppKinetics Workflow */ = {
			isa = PBXNativeTarget;
			buildConfigurationList = 92C96BF91922096B0092DBE8 /* Build configuration list for PBXNativeTarget "AppKinetics Workflow" */;
			buildPhases = (
				92C96BAD1922096A0092DBE8 /* Sources */,
				92C96BAE1922096A0092DBE8 /* Frameworks */,
				92C96BAF1922096A0092DBE8 /* Resources */,
			);
			buildRules = (
			);
			dependencies = (
			);
			name = "AppKinetics Workflow";
			productName = "AppKinetics Workflow";
			productReference = 92C96BB11922096A0092DBE8 /* AppKinetics Workflow.app */;
			productType = "com.apple.product-type.application";
		};
/* End PBXNativeTarget section */

/* Begin PBXProject section */
		92C96BA91922096A0092DBE8 /* Project object */ = {
			isa = PBXProject;
			attributes = {
				LastSwiftUpdateCheck = 0710;
				LastUpgradeCheck = 0720;
				ORGANIZATIONNAME = "Good Technology";
				TargetAttributes = {
					92C96BB01922096A0092DBE8 = {
						DevelopmentTeam = S99QSEYL6F;
						SystemCapabilities = {
							com.apple.Keychain = {
								enabled = 1;
							};
						};
					};
				};
			};
			buildConfigurationList = 92C96BAC1922096A0092DBE8 /* Build configuration list for PBXProject "AppKinetics Workflow" */;
			compatibilityVersion = "Xcode 6.3";
			developmentRegion = English;
			hasScannedForEncodings = 0;
			knownRegions = (
				en,
				Base,
			);
			mainGroup = 92C96BA81922096A0092DBE8;
			productRefGroup = 92C96BB21922096A0092DBE8 /* Products */;
			projectDirPath = "";
			projectRoot = "";
			targets = (
				92C96BB01922096A0092DBE8 /* AppKinetics Workflow */,
			);
		};
/* End PBXProject section */

/* Begin PBXResourcesBuildPhase section */
		92C96BAF1922096A0092DBE8 /* Resources */ = {
			isa = PBXResourcesBuildPhase;
			buildActionMask = 2147483647;
			files = (
				8102E3B01B4C1EC20005728E /* Main.storyboard in Resources */,
				92C96C0219220CB80092DBE8 /* GDAssets.bundle in Resources */,
				81978E1A1AE885E7002B4E13 /* sounds in Resources */,
				8176F4D21C1BA0E4004A4ECD /* AppKinetics Workflow.entitlements in Resources */,
				8102E3E81B4C5FAC0005728E /* LaunchScreen.xib in Resources */,
				92C96C6C1922268C0092DBE8 /* workflowlogo_xcf.png in Resources */,
				81BE28881C74EEA900F8A5E9 /* documents in Resources */,
				92C96BE31922096B0092DBE8 /* Images.xcassets in Resources */,
				92C96BCF1922096A0092DBE8 /* InfoPlist.strings in Resources */,
			);
			runOnlyForDeploymentPostprocessing = 0;
		};
/* End PBXResourcesBuildPhase section */

/* Begin PBXSourcesBuildPhase section */
		92C96BAD1922096A0092DBE8 /* Sources */ = {
			isa = PBXSourcesBuildPhase;
			buildActionMask = 2147483647;
			files = (
				817CDCF41AE855570066B73B /* DemoComponent.m in Sources */,
				817CDCDD1AE855570066B73B /* GdcServiceRequestOpenHTTPURL.m in Sources */,
				817CDCE91AE855570066B73B /* DemoConsumeOpenHTTPURL.m in Sources */,
				817CDCE11AE855570066B73B /* GdcServiceRequestSendEmail.m in Sources */,
				812831E21BD94CBB00B2E23F /* DemoPanel.m in Sources */,
				817CDCE21AE855570066B73B /* GdcServiceRequestTransferFile.m in Sources */,
				817CDCF21AE855570066B73B /* MainPage.m in Sources */,
				817CDCF11AE855570066B73B /* DemoUtility.m in Sources */,
				817CDCF61AE855570066B73B /* PathStore.m in Sources */,
				817CDCEC1AE855570066B73B /* DemoConsumeSendEmail.m in Sources */,
				812831DD1BD9466B00B2E23F /* KeychainUtility.m in Sources */,
				817CDCEF1AE855570066B73B /* DemoProvideTransferFile.m in Sources */,
				817CDCD71AE855570066B73B /* GdcServiceDispatcher.m in Sources */,
				817CDCDB1AE855570066B73B /* GdcServiceProviderTransferFile.m in Sources */,
				812831E01BD94A0300B2E23F /* DemoKeychainUtility.m in Sources */,
				817CDCF31AE855570066B73B /* MainPageForGoodDynamics.m in Sources */,
				8172529B1B9D930100737364 /* GdcRuntimeDispatcher.m in Sources */,
				9228072B198A8D680033F4B0 /* MainPageViewController.m in Sources */,
				819683331AE8685F00E8BF5E /* GdcServiceRequestPlayBackgroundSound.m in Sources */,
				817CDCED1AE855570066B73B /* DemoConsumeTransferFile.m in Sources */,
				92C96BD51922096A0092DBE8 /* AppDelegate.m in Sources */,
				817CDCD81AE855570066B73B /* GdcServiceProvider.m in Sources */,
				817B2D431B1F0C6000A1D25E /* DemoTicker.m in Sources */,
				817CDCD91AE855570066B73B /* GdcServiceRequest.m in Sources */,
				92C96BD11922096A0092DBE8 /* main.m in Sources */,
			);
			runOnlyForDeploymentPostprocessing = 0;
		};
/* End PBXSourcesBuildPhase section */

/* Begin PBXVariantGroup section */
		92C96BCD1922096A0092DBE8 /* InfoPlist.strings */ = {
			isa = PBXVariantGroup;
			children = (
				92C96BCE1922096A0092DBE8 /* en */,
			);
			name = InfoPlist.strings;
			sourceTree = "<group>";
		};
/* End PBXVariantGroup section */

/* Begin XCBuildConfiguration section */
		92C96BF71922096B0092DBE8 /* Debug */ = {
			isa = XCBuildConfiguration;
			buildSettings = {
				ALWAYS_SEARCH_USER_PATHS = NO;
				CLANG_CXX_LANGUAGE_STANDARD = "gnu++0x";
				CLANG_CXX_LIBRARY = "libc++";
				CLANG_ENABLE_MODULES = YES;
				CLANG_ENABLE_OBJC_ARC = YES;
				CLANG_WARN_BOOL_CONVERSION = YES;
				CLANG_WARN_CONSTANT_CONVERSION = YES;
				CLANG_WARN_DIRECT_OBJC_ISA_USAGE = YES_ERROR;
				CLANG_WARN_EMPTY_BODY = YES;
				CLANG_WARN_ENUM_CONVERSION = YES;
				CLANG_WARN_INT_CONVERSION = YES;
				CLANG_WARN_OBJC_ROOT_CLASS = YES_ERROR;
				CLANG_WARN__DUPLICATE_METHOD_MATCH = YES;
				"CODE_SIGN_IDENTITY[sdk=iphoneos*]" = "iPhone Developer";
				COPY_PHASE_STRIP = NO;
				DEFINES_MODULE = YES;
				ENABLE_TESTABILITY = YES;
				GCC_C_LANGUAGE_STANDARD = gnu99;
				GCC_DYNAMIC_NO_PIC = NO;
				GCC_OPTIMIZATION_LEVEL = 0;
				GCC_PREPROCESSOR_DEFINITIONS = (
					"DEBUG=1",
					"$(inherited)",
				);
				GCC_SYMBOLS_PRIVATE_EXTERN = NO;
				GCC_VERSION = "";
				GCC_WARN_64_TO_32_BIT_CONVERSION = YES;
				GCC_WARN_ABOUT_RETURN_TYPE = YES_ERROR;
				GCC_WARN_UNDECLARED_SELECTOR = YES;
				GCC_WARN_UNINITIALIZED_AUTOS = YES_AGGRESSIVE;
				GCC_WARN_UNUSED_FUNCTION = YES;
				GCC_WARN_UNUSED_VARIABLE = YES;
				INFOPLIST_FILE = Info.plist;
				IPHONEOS_DEPLOYMENT_TARGET = 8.0;
				ONLY_ACTIVE_ARCH = YES;
				SDKROOT = iphoneos;
				TARGETED_DEVICE_FAMILY = "1,2";
				VALID_ARCHS = "$(ARCHS_STANDARD)";
			};
			name = Debug;
		};
		92C96BF81922096B0092DBE8 /* Release */ = {
			isa = XCBuildConfiguration;
			buildSettings = {
				ALWAYS_SEARCH_USER_PATHS = NO;
				CLANG_CXX_LANGUAGE_STANDARD = "gnu++0x";
				CLANG_CXX_LIBRARY = "libc++";
				CLANG_ENABLE_MODULES = YES;
				CLANG_ENABLE_OBJC_ARC = YES;
				CLANG_WARN_BOOL_CONVERSION = YES;
				CLANG_WARN_CONSTANT_CONVERSION = YES;
				CLANG_WARN_DIRECT_OBJC_ISA_USAGE = YES_ERROR;
				CLANG_WARN_EMPTY_BODY = YES;
				CLANG_WARN_ENUM_CONVERSION = YES;
				CLANG_WARN_INT_CONVERSION = YES;
				CLANG_WARN_OBJC_ROOT_CLASS = YES_ERROR;
				CLANG_WARN__DUPLICATE_METHOD_MATCH = YES;
				"CODE_SIGN_IDENTITY[sdk=iphoneos*]" = "iPhone Developer";
				COPY_PHASE_STRIP = YES;
				DEFINES_MODULE = YES;
				ENABLE_NS_ASSERTIONS = NO;
				GCC_C_LANGUAGE_STANDARD = gnu99;
				GCC_VERSION = "";
				GCC_WARN_64_TO_32_BIT_CONVERSION = YES;
				GCC_WARN_ABOUT_RETURN_TYPE = YES_ERROR;
				GCC_WARN_UNDECLARED_SELECTOR = YES;
				GCC_WARN_UNINITIALIZED_AUTOS = YES_AGGRESSIVE;
				GCC_WARN_UNUSED_FUNCTION = YES;
				GCC_WARN_UNUSED_VARIABLE = YES;
				INFOPLIST_FILE = Info.plist;
				IPHONEOS_DEPLOYMENT_TARGET = 8.0;
				ONLY_ACTIVE_ARCH = YES;
				SDKROOT = iphoneos;
				TARGETED_DEVICE_FAMILY = "1,2";
				VALIDATE_PRODUCT = YES;
				VALID_ARCHS = "$(ARCHS_STANDARD)";
			};
			name = Release;
		};
		92C96BFA1922096B0092DBE8 /* Debug */ = {
			isa = XCBuildConfiguration;
			baseConfigurationReference = 81CB20F619713FB800733EAE /* default.xcconfig */;
			buildSettings = {
				ASSETCATALOG_COMPILER_APPICON_NAME = AppIcon;
				ASSETCATALOG_COMPILER_LAUNCHIMAGE_NAME = LaunchImage;
				CLANG_CXX_LIBRARY = "libstdc++";
				CLANG_ENABLE_MODULES = YES;
				CODE_SIGN_ENTITLEMENTS = "AppKinetics Workflow/AppKinetics Workflow.entitlements";
				CODE_SIGN_IDENTITY = "iPhone Developer";
				"CODE_SIGN_IDENTITY[sdk=iphoneos*]" = "iPhone Developer";
				ENABLE_BITCODE = NO;
				GCC_PRECOMPILE_PREFIX_HEADER = YES;
				GCC_PREFIX_HEADER = "AppKinetics Workflow/AppKinetics Workflow-Prefix.pch";
				INFOPLIST_FILE = "AppKinetics Workflow/Info.plist";
				LD_RUNPATH_SEARCH_PATHS = "$(inherited) @executable_path/Frameworks";
				LIBRARY_SEARCH_PATHS = (
					"$(inherited)",
					../../Launcher,
				);
				OTHER_LDFLAGS = (
					"-lstdc++",
					"-lz",
					"-ObjC",
					"-B",
					"${LDUTILDIR}",
				);
				PRODUCT_BUNDLE_IDENTIFIER = com.good.example.contributor.jhawkins.appkineticsworkflow;
				PRODUCT_NAME = "$(TARGET_NAME)";
				PROVISIONING_PROFILE = "";
				SWIFT_OBJC_BRIDGING_HEADER = "";
				SWIFT_OPTIMIZATION_LEVEL = "-Onone";
				WRAPPER_EXTENSION = app;
			};
			name = Debug;
		};
		92C96BFB1922096B0092DBE8 /* Release */ = {
			isa = XCBuildConfiguration;
			baseConfigurationReference = 81CB20F619713FB800733EAE /* default.xcconfig */;
			buildSettings = {
				ASSETCATALOG_COMPILER_APPICON_NAME = AppIcon;
				ASSETCATALOG_COMPILER_LAUNCHIMAGE_NAME = LaunchImage;
				CLANG_CXX_LIBRARY = "libstdc++";
				CLANG_ENABLE_MODULES = YES;
				CODE_SIGN_ENTITLEMENTS = "AppKinetics Workflow/AppKinetics Workflow.entitlements";
				CODE_SIGN_IDENTITY = "iPhone Developer";
				"CODE_SIGN_IDENTITY[sdk=iphoneos*]" = "iPhone Developer";
				ENABLE_BITCODE = NO;
				GCC_PRECOMPILE_PREFIX_HEADER = YES;
				GCC_PREFIX_HEADER = "AppKinetics Workflow/AppKinetics Workflow-Prefix.pch";
				INFOPLIST_FILE = "AppKinetics Workflow/Info.plist";
				LD_RUNPATH_SEARCH_PATHS = "$(inherited) @executable_path/Frameworks";
				LIBRARY_SEARCH_PATHS = (
					"$(inherited)",
					../../Launcher,
				);
				OTHER_LDFLAGS = (
					"-lstdc++",
					"-lz",
					"-ObjC",
					"-B",
					"${LDUTILDIR}",
				);
				PRODUCT_BUNDLE_IDENTIFIER = com.good.example.contributor.jhawkins.appkineticsworkflow;
				PRODUCT_NAME = "$(TARGET_NAME)";
				PROVISIONING_PROFILE = "";
				SWIFT_OBJC_BRIDGING_HEADER = "";
				WRAPPER_EXTENSION = app;
			};
			name = Release;
		};
/* End XCBuildConfiguration section */

/* Begin XCConfigurationList section */
		92C96BAC1922096A0092DBE8 /* Build configuration list for PBXProject "AppKinetics Workflow" */ = {
			isa = XCConfigurationList;
			buildConfigurations = (
				92C96BF71922096B0092DBE8 /* Debug */,
				92C96BF81922096B0092DBE8 /* Release */,
			);
			defaultConfigurationIsVisible = 0;
			defaultConfigurationName = Release;
		};
		92C96BF91922096B0092DBE8 /* Build configuration list for PBXNativeTarget "AppKinetics Workflow" */ = {
			isa = XCConfigurationList;
			buildConfigurations = (
				92C96BFA1922096B0092DBE8 /* Debug */,
				92C96BFB1922096B0092DBE8 /* Release */,
			);
			defaultConfigurationIsVisible = 0;
			defaultConfigurationName = Release;
		};
/* End XCConfigurationList section */
	};
	rootObject = 92C96BA91922096A0092DBE8 /* Project object */;
}
