// !$*UTF8*$!
{
	archiveVersion = 1;
	classes = {
	};
	objectVersion = 46;
	objects = {

/* Begin PBXBuildFile section */
		815B33981AE466C700B0322E /* GD.framework in Frameworks */ = {isa = PBXBuildFile; fileRef = 815B33971AE466C700B0322E /* GD.framework */; };
		815B339A1AE466C700B0322E /* LocalAuthentication.framework in Frameworks */ = {isa = PBXBuildFile; fileRef = 815B33991AE466C700B0322E /* LocalAuthentication.framework */; };
		815B339C1AE466C700B0322E /* CoreTelephony.framework in Frameworks */ = {isa = PBXBuildFile; fileRef = 815B339B1AE466C700B0322E /* CoreTelephony.framework */; };
		815B339E1AE466C700B0322E /* SystemConfiguration.framework in Frameworks */ = {isa = PBXBuildFile; fileRef = 815B339D1AE466C700B0322E /* SystemConfiguration.framework */; };
		815B33A01AE466C700B0322E /* Security.framework in Frameworks */ = {isa = PBXBuildFile; fileRef = 815B339F1AE466C700B0322E /* Security.framework */; };
		815B33A21AE466C700B0322E /* QuartzCore.framework in Frameworks */ = {isa = PBXBuildFile; fileRef = 815B33A11AE466C700B0322E /* QuartzCore.framework */; };
		815B33A41AE466C700B0322E /* CFNetwork.framework in Frameworks */ = {isa = PBXBuildFile; fileRef = 815B33A31AE466C700B0322E /* CFNetwork.framework */; };
		815B33A61AE466C700B0322E /* CoreData.framework in Frameworks */ = {isa = PBXBuildFile; fileRef = 815B33A51AE466C700B0322E /* CoreData.framework */; };
		815B33A81AE466C700B0322E /* AdSupport.framework in Frameworks */ = {isa = PBXBuildFile; fileRef = 815B33A71AE466C700B0322E /* AdSupport.framework */; };
		815B33AA1AE466C700B0322E /* MessageUI.framework in Frameworks */ = {isa = PBXBuildFile; fileRef = 815B33A91AE466C700B0322E /* MessageUI.framework */; };
		815B33AC1AE466C700B0322E /* QuickLook.framework in Frameworks */ = {isa = PBXBuildFile; fileRef = 815B33AB1AE466C700B0322E /* QuickLook.framework */; };
		815B33AE1AE466C700B0322E /* MobileCoreServices.framework in Frameworks */ = {isa = PBXBuildFile; fileRef = 815B33AD1AE466C700B0322E /* MobileCoreServices.framework */; };
		815B33B31AE466C700B0322E /* main.m in Sources */ = {isa = PBXBuildFile; fileRef = 815B33B21AE466C700B0322E /* main.m */; };
		815B33B61AE466C700B0322E /* AppDelegate.m in Sources */ = {isa = PBXBuildFile; fileRef = 815B33B51AE466C700B0322E /* AppDelegate.m */; };
		815B33BD1AE466C700B0322E /* GDAssets.bundle in Resources */ = {isa = PBXBuildFile; fileRef = 815B33BC1AE466C700B0322E /* GDAssets.bundle */; };
		815B33C01AE466C700B0322E /* Main.storyboard in Resources */ = {isa = PBXBuildFile; fileRef = 815B33BE1AE466C700B0322E /* Main.storyboard */; };
		815B33C21AE466C700B0322E /* Images.xcassets in Resources */ = {isa = PBXBuildFile; fileRef = 815B33C11AE466C700B0322E /* Images.xcassets */; };
		815B33C51AE466C700B0322E /* LaunchScreen.xib in Resources */ = {isa = PBXBuildFile; fileRef = 815B33C31AE466C700B0322E /* LaunchScreen.xib */; };
		815B34A21AE472CE00B0322E /* backgrounderlogo_xcf.png in Resources */ = {isa = PBXBuildFile; fileRef = 815B34A11AE472CE00B0322E /* backgrounderlogo_xcf.png */; };
		815B34A51AE4734900B0322E /* MainPageViewController.m in Sources */ = {isa = PBXBuildFile; fileRef = 815B34A41AE4734900B0322E /* MainPageViewController.m */; };
		815B34A91AE476F600B0322E /* readme.txt in Resources */ = {isa = PBXBuildFile; fileRef = 815B34A81AE476F600B0322E /* readme.txt */; };
		815B35511AE47B7100B0322E /* gdDispatcher.m in Sources */ = {isa = PBXBuildFile; fileRef = 815B34EC1AE47B7100B0322E /* gdDispatcher.m */; };
		815B35521AE47B7100B0322E /* gdProvider.m in Sources */ = {isa = PBXBuildFile; fileRef = 815B34EE1AE47B7100B0322E /* gdProvider.m */; };
		815B35531AE47B7100B0322E /* gdRequest.m in Sources */ = {isa = PBXBuildFile; fileRef = 815B34F01AE47B7100B0322E /* gdRequest.m */; };
		815B355D1AE47B7100B0322E /* Backgrounder.m in Sources */ = {isa = PBXBuildFile; fileRef = 815B35061AE47B7100B0322E /* Backgrounder.m */; };
		815B356A1AE47B7100B0322E /* DemoUtility.m in Sources */ = {isa = PBXBuildFile; fileRef = 815B35211AE47B7100B0322E /* DemoUtility.m */; };
		815B356B1AE47B7100B0322E /* MainPage.m in Sources */ = {isa = PBXBuildFile; fileRef = 815B35231AE47B7100B0322E /* MainPage.m */; };
		815B356C1AE47B7100B0322E /* MainPageForGoodDynamics.m in Sources */ = {isa = PBXBuildFile; fileRef = 815B35251AE47B7100B0322E /* MainPageForGoodDynamics.m */; };
		815B356D1AE47B7100B0322E /* DemoComponent.m in Sources */ = {isa = PBXBuildFile; fileRef = 815B35291AE47B7100B0322E /* DemoComponent.m */; };
		815B356E1AE47B7100B0322E /* gdRuntimeDispatcher.m in Sources */ = {isa = PBXBuildFile; fileRef = 815B352D1AE47B7100B0322E /* gdRuntimeDispatcher.m */; };
		815B356F1AE47B7100B0322E /* PathStore.m in Sources */ = {isa = PBXBuildFile; fileRef = 815B35301AE47B7100B0322E /* PathStore.m */; };
		815B35781AE47BE900B0322E /* DemoBackgrounder.m in Sources */ = {isa = PBXBuildFile; fileRef = 815B35771AE47BE900B0322E /* DemoBackgrounder.m */; };
		815B357A1AE47EA200B0322E /* sounds in Resources */ = {isa = PBXBuildFile; fileRef = 815B35791AE47EA200B0322E /* sounds */; };
		8196832A1AE863AC00E8BF5E /* gdProviderPlayBackgroundSound.m in Sources */ = {isa = PBXBuildFile; fileRef = 819683291AE863AC00E8BF5E /* gdProviderPlayBackgroundSound.m */; };
		8196832D1AE8650200E8BF5E /* gdRequestPlayBackgroundSound.m in Sources */ = {isa = PBXBuildFile; fileRef = 8196832C1AE8650200E8BF5E /* gdRequestPlayBackgroundSound.m */; };
		81978E1D1AE89153002B4E13 /* DemoProvidePlayBackgroundSound.m in Sources */ = {isa = PBXBuildFile; fileRef = 81978E1C1AE89153002B4E13 /* DemoProvidePlayBackgroundSound.m */; };
		81C574CE1AE9F53900680EE2 /* Telephony.m in Sources */ = {isa = PBXBuildFile; fileRef = 81C574CD1AE9F53900680EE2 /* Telephony.m */; };
		81FA60361AE94EAE00EE5C4E /* BackgrounderForGoodDynamics.m in Sources */ = {isa = PBXBuildFile; fileRef = 81FA60351AE94EAE00EE5C4E /* BackgrounderForGoodDynamics.m */; };
/* End PBXBuildFile section */

/* Begin PBXFileReference section */
		815B33941AE466C700B0322E /* Backgrounder.app */ = {isa = PBXFileReference; explicitFileType = wrapper.application; includeInIndex = 0; path = Backgrounder.app; sourceTree = BUILT_PRODUCTS_DIR; };
		815B33971AE466C700B0322E /* GD.framework */ = {isa = PBXFileReference; lastKnownFileType = wrapper.framework; name = GD.framework; path = System/Library/Frameworks/GD.framework; sourceTree = SDKROOT; };
		815B33991AE466C700B0322E /* LocalAuthentication.framework */ = {isa = PBXFileReference; lastKnownFileType = wrapper.framework; name = LocalAuthentication.framework; path = System/Library/Frameworks/LocalAuthentication.framework; sourceTree = SDKROOT; };
		815B339B1AE466C700B0322E /* CoreTelephony.framework */ = {isa = PBXFileReference; lastKnownFileType = wrapper.framework; name = CoreTelephony.framework; path = System/Library/Frameworks/CoreTelephony.framework; sourceTree = SDKROOT; };
		815B339D1AE466C700B0322E /* SystemConfiguration.framework */ = {isa = PBXFileReference; lastKnownFileType = wrapper.framework; name = SystemConfiguration.framework; path = System/Library/Frameworks/SystemConfiguration.framework; sourceTree = SDKROOT; };
		815B339F1AE466C700B0322E /* Security.framework */ = {isa = PBXFileReference; lastKnownFileType = wrapper.framework; name = Security.framework; path = System/Library/Frameworks/Security.framework; sourceTree = SDKROOT; };
		815B33A11AE466C700B0322E /* QuartzCore.framework */ = {isa = PBXFileReference; lastKnownFileType = wrapper.framework; name = QuartzCore.framework; path = System/Library/Frameworks/QuartzCore.framework; sourceTree = SDKROOT; };
		815B33A31AE466C700B0322E /* CFNetwork.framework */ = {isa = PBXFileReference; lastKnownFileType = wrapper.framework; name = CFNetwork.framework; path = System/Library/Frameworks/CFNetwork.framework; sourceTree = SDKROOT; };
		815B33A51AE466C700B0322E /* CoreData.framework */ = {isa = PBXFileReference; lastKnownFileType = wrapper.framework; name = CoreData.framework; path = System/Library/Frameworks/CoreData.framework; sourceTree = SDKROOT; };
		815B33A71AE466C700B0322E /* AdSupport.framework */ = {isa = PBXFileReference; lastKnownFileType = wrapper.framework; name = AdSupport.framework; path = System/Library/Frameworks/AdSupport.framework; sourceTree = SDKROOT; };
		815B33A91AE466C700B0322E /* MessageUI.framework */ = {isa = PBXFileReference; lastKnownFileType = wrapper.framework; name = MessageUI.framework; path = System/Library/Frameworks/MessageUI.framework; sourceTree = SDKROOT; };
		815B33AB1AE466C700B0322E /* QuickLook.framework */ = {isa = PBXFileReference; lastKnownFileType = wrapper.framework; name = QuickLook.framework; path = System/Library/Frameworks/QuickLook.framework; sourceTree = SDKROOT; };
		815B33AD1AE466C700B0322E /* MobileCoreServices.framework */ = {isa = PBXFileReference; lastKnownFileType = wrapper.framework; name = MobileCoreServices.framework; path = System/Library/Frameworks/MobileCoreServices.framework; sourceTree = SDKROOT; };
		815B33B11AE466C700B0322E /* Info.plist */ = {isa = PBXFileReference; lastKnownFileType = text.plist.xml; path = Info.plist; sourceTree = "<group>"; };
		815B33B21AE466C700B0322E /* main.m */ = {isa = PBXFileReference; lastKnownFileType = sourcecode.c.objc; path = main.m; sourceTree = "<group>"; };
		815B33B41AE466C700B0322E /* AppDelegate.h */ = {isa = PBXFileReference; lastKnownFileType = sourcecode.c.h; path = AppDelegate.h; sourceTree = "<group>"; };
		815B33B51AE466C700B0322E /* AppDelegate.m */ = {isa = PBXFileReference; lastKnownFileType = sourcecode.c.objc; path = AppDelegate.m; sourceTree = "<group>"; };
		815B33BA1AE466C700B0322E /* default.xcconfig */ = {isa = PBXFileReference; lastKnownFileType = text.xcconfig; path = default.xcconfig; sourceTree = "<group>"; };
		815B33BC1AE466C700B0322E /* GDAssets.bundle */ = {isa = PBXFileReference; lastKnownFileType = "wrapper.plug-in"; name = GDAssets.bundle; path = System/Library/Frameworks/GD.framework/Resources/GDAssets.bundle; sourceTree = SDKROOT; };
		815B33BF1AE466C700B0322E /* Base */ = {isa = PBXFileReference; lastKnownFileType = file.storyboard; name = Base; path = Base.lproj/Main.storyboard; sourceTree = "<group>"; };
		815B33C11AE466C700B0322E /* Images.xcassets */ = {isa = PBXFileReference; lastKnownFileType = folder.assetcatalog; path = Images.xcassets; sourceTree = "<group>"; };
		815B33C41AE466C700B0322E /* Base */ = {isa = PBXFileReference; lastKnownFileType = file.xib; name = Base; path = Base.lproj/LaunchScreen.xib; sourceTree = "<group>"; };
		815B34A11AE472CE00B0322E /* backgrounderlogo_xcf.png */ = {isa = PBXFileReference; lastKnownFileType = image.png; name = backgrounderlogo_xcf.png; path = ../../../../../ImageResources/Backgrounder/backgrounderlogo_xcf.png; sourceTree = "<group>"; };
		815B34A31AE4734900B0322E /* MainPageViewController.h */ = {isa = PBXFileReference; fileEncoding = 4; lastKnownFileType = sourcecode.c.h; path = MainPageViewController.h; sourceTree = "<group>"; };
		815B34A41AE4734900B0322E /* MainPageViewController.m */ = {isa = PBXFileReference; fileEncoding = 4; lastKnownFileType = sourcecode.c.objc; path = MainPageViewController.m; sourceTree = "<group>"; };
		815B34A81AE476F600B0322E /* readme.txt */ = {isa = PBXFileReference; fileEncoding = 4; lastKnownFileType = text; name = readme.txt; path = Backgrounder/readme.txt; sourceTree = "<group>"; };
		815B34EB1AE47B7100B0322E /* gdDispatcher.h */ = {isa = PBXFileReference; fileEncoding = 4; lastKnownFileType = sourcecode.c.h; path = gdDispatcher.h; sourceTree = "<group>"; };
		815B34EC1AE47B7100B0322E /* gdDispatcher.m */ = {isa = PBXFileReference; fileEncoding = 4; lastKnownFileType = sourcecode.c.objc; path = gdDispatcher.m; sourceTree = "<group>"; };
		815B34ED1AE47B7100B0322E /* gdProvider.h */ = {isa = PBXFileReference; fileEncoding = 4; lastKnownFileType = sourcecode.c.h; path = gdProvider.h; sourceTree = "<group>"; };
		815B34EE1AE47B7100B0322E /* gdProvider.m */ = {isa = PBXFileReference; fileEncoding = 4; lastKnownFileType = sourcecode.c.objc; path = gdProvider.m; sourceTree = "<group>"; };
		815B34EF1AE47B7100B0322E /* gdRequest.h */ = {isa = PBXFileReference; fileEncoding = 4; lastKnownFileType = sourcecode.c.h; path = gdRequest.h; sourceTree = "<group>"; };
		815B34F01AE47B7100B0322E /* gdRequest.m */ = {isa = PBXFileReference; fileEncoding = 4; lastKnownFileType = sourcecode.c.objc; path = gdRequest.m; sourceTree = "<group>"; };
		815B35051AE47B7100B0322E /* Backgrounder.h */ = {isa = PBXFileReference; fileEncoding = 4; lastKnownFileType = sourcecode.c.h; path = Backgrounder.h; sourceTree = "<group>"; };
		815B35061AE47B7100B0322E /* Backgrounder.m */ = {isa = PBXFileReference; fileEncoding = 4; lastKnownFileType = sourcecode.c.objc; path = Backgrounder.m; sourceTree = "<group>"; };
		815B35201AE47B7100B0322E /* DemoUtility.h */ = {isa = PBXFileReference; fileEncoding = 4; lastKnownFileType = sourcecode.c.h; path = DemoUtility.h; sourceTree = "<group>"; };
		815B35211AE47B7100B0322E /* DemoUtility.m */ = {isa = PBXFileReference; fileEncoding = 4; lastKnownFileType = sourcecode.c.objc; path = DemoUtility.m; sourceTree = "<group>"; };
		815B35221AE47B7100B0322E /* MainPage.h */ = {isa = PBXFileReference; fileEncoding = 4; lastKnownFileType = sourcecode.c.h; path = MainPage.h; sourceTree = "<group>"; };
		815B35231AE47B7100B0322E /* MainPage.m */ = {isa = PBXFileReference; fileEncoding = 4; lastKnownFileType = sourcecode.c.objc; path = MainPage.m; sourceTree = "<group>"; };
		815B35241AE47B7100B0322E /* MainPageForGoodDynamics.h */ = {isa = PBXFileReference; fileEncoding = 4; lastKnownFileType = sourcecode.c.h; path = MainPageForGoodDynamics.h; sourceTree = "<group>"; };
		815B35251AE47B7100B0322E /* MainPageForGoodDynamics.m */ = {isa = PBXFileReference; fileEncoding = 4; lastKnownFileType = sourcecode.c.objc; path = MainPageForGoodDynamics.m; sourceTree = "<group>"; };
		815B35271AE47B7100B0322E /* DemoComponent-protocol.h */ = {isa = PBXFileReference; fileEncoding = 4; lastKnownFileType = sourcecode.c.h; path = "DemoComponent-protocol.h"; sourceTree = "<group>"; };
		815B35281AE47B7100B0322E /* DemoComponent.h */ = {isa = PBXFileReference; fileEncoding = 4; lastKnownFileType = sourcecode.c.h; path = DemoComponent.h; sourceTree = "<group>"; };
		815B35291AE47B7100B0322E /* DemoComponent.m */ = {isa = PBXFileReference; fileEncoding = 4; lastKnownFileType = sourcecode.c.objc; path = DemoComponent.m; sourceTree = "<group>"; };
		815B352A1AE47B7100B0322E /* DemoUserInterface.h */ = {isa = PBXFileReference; fileEncoding = 4; lastKnownFileType = sourcecode.c.h; path = DemoUserInterface.h; sourceTree = "<group>"; };
		815B352C1AE47B7100B0322E /* gdRuntimeDispatcher.h */ = {isa = PBXFileReference; fileEncoding = 4; lastKnownFileType = sourcecode.c.h; path = gdRuntimeDispatcher.h; sourceTree = "<group>"; };
		815B352D1AE47B7100B0322E /* gdRuntimeDispatcher.m */ = {isa = PBXFileReference; fileEncoding = 4; lastKnownFileType = sourcecode.c.objc; path = gdRuntimeDispatcher.m; sourceTree = "<group>"; };
		815B352F1AE47B7100B0322E /* PathStore.h */ = {isa = PBXFileReference; fileEncoding = 4; lastKnownFileType = sourcecode.c.h; path = PathStore.h; sourceTree = "<group>"; };
		815B35301AE47B7100B0322E /* PathStore.m */ = {isa = PBXFileReference; fileEncoding = 4; lastKnownFileType = sourcecode.c.objc; path = PathStore.m; sourceTree = "<group>"; };
		815B35761AE47BE900B0322E /* DemoBackgrounder.h */ = {isa = PBXFileReference; fileEncoding = 4; lastKnownFileType = sourcecode.c.h; path = DemoBackgrounder.h; sourceTree = "<group>"; };
		815B35771AE47BE900B0322E /* DemoBackgrounder.m */ = {isa = PBXFileReference; fileEncoding = 4; lastKnownFileType = sourcecode.c.objc; path = DemoBackgrounder.m; sourceTree = "<group>"; };
		815B35791AE47EA200B0322E /* sounds */ = {isa = PBXFileReference; lastKnownFileType = folder; name = sounds; path = Backgrounder/sounds; sourceTree = "<group>"; };
		819683281AE863AC00E8BF5E /* gdProviderPlayBackgroundSound.h */ = {isa = PBXFileReference; fileEncoding = 4; lastKnownFileType = sourcecode.c.h; path = gdProviderPlayBackgroundSound.h; sourceTree = "<group>"; };
		819683291AE863AC00E8BF5E /* gdProviderPlayBackgroundSound.m */ = {isa = PBXFileReference; fileEncoding = 4; lastKnownFileType = sourcecode.c.objc; path = gdProviderPlayBackgroundSound.m; sourceTree = "<group>"; };
		8196832B1AE8650200E8BF5E /* gdRequestPlayBackgroundSound.h */ = {isa = PBXFileReference; fileEncoding = 4; lastKnownFileType = sourcecode.c.h; path = gdRequestPlayBackgroundSound.h; sourceTree = "<group>"; };
		8196832C1AE8650200E8BF5E /* gdRequestPlayBackgroundSound.m */ = {isa = PBXFileReference; fileEncoding = 4; lastKnownFileType = sourcecode.c.objc; path = gdRequestPlayBackgroundSound.m; sourceTree = "<group>"; };
		81978E1B1AE89153002B4E13 /* DemoProvidePlayBackgroundSound.h */ = {isa = PBXFileReference; fileEncoding = 4; lastKnownFileType = sourcecode.c.h; path = DemoProvidePlayBackgroundSound.h; sourceTree = "<group>"; };
		81978E1C1AE89153002B4E13 /* DemoProvidePlayBackgroundSound.m */ = {isa = PBXFileReference; fileEncoding = 4; lastKnownFileType = sourcecode.c.objc; path = DemoProvidePlayBackgroundSound.m; sourceTree = "<group>"; };
		81C574CC1AE9F53900680EE2 /* Telephony.h */ = {isa = PBXFileReference; fileEncoding = 4; lastKnownFileType = sourcecode.c.h; path = Telephony.h; sourceTree = "<group>"; };
		81C574CD1AE9F53900680EE2 /* Telephony.m */ = {isa = PBXFileReference; fileEncoding = 4; lastKnownFileType = sourcecode.c.objc; path = Telephony.m; sourceTree = "<group>"; };
		81FA60341AE94EAE00EE5C4E /* BackgrounderForGoodDynamics.h */ = {isa = PBXFileReference; fileEncoding = 4; lastKnownFileType = sourcecode.c.h; path = BackgrounderForGoodDynamics.h; sourceTree = "<group>"; };
		81FA60351AE94EAE00EE5C4E /* BackgrounderForGoodDynamics.m */ = {isa = PBXFileReference; fileEncoding = 4; lastKnownFileType = sourcecode.c.objc; path = BackgrounderForGoodDynamics.m; sourceTree = "<group>"; };
/* End PBXFileReference section */

/* Begin PBXFrameworksBuildPhase section */
		815B33911AE466C700B0322E /* Frameworks */ = {
			isa = PBXFrameworksBuildPhase;
			buildActionMask = 2147483647;
			files = (
				815B339A1AE466C700B0322E /* LocalAuthentication.framework in Frameworks */,
				815B33A61AE466C700B0322E /* CoreData.framework in Frameworks */,
				815B33A81AE466C700B0322E /* AdSupport.framework in Frameworks */,
				815B33A01AE466C700B0322E /* Security.framework in Frameworks */,
				815B33A41AE466C700B0322E /* CFNetwork.framework in Frameworks */,
				815B33AC1AE466C700B0322E /* QuickLook.framework in Frameworks */,
				815B33A21AE466C700B0322E /* QuartzCore.framework in Frameworks */,
				815B33AA1AE466C700B0322E /* MessageUI.framework in Frameworks */,
				815B339C1AE466C700B0322E /* CoreTelephony.framework in Frameworks */,
				815B33AE1AE466C700B0322E /* MobileCoreServices.framework in Frameworks */,
				815B339E1AE466C700B0322E /* SystemConfiguration.framework in Frameworks */,
				815B33981AE466C700B0322E /* GD.framework in Frameworks */,
			);
			runOnlyForDeploymentPostprocessing = 0;
		};
/* End PBXFrameworksBuildPhase section */

/* Begin PBXGroup section */
		815B338B1AE466C700B0322E = {
			isa = PBXGroup;
			children = (
				815B35791AE47EA200B0322E /* sounds */,
				815B34A81AE476F600B0322E /* readme.txt */,
				815B33AF1AE466C700B0322E /* Backgrounder */,
				815B33961AE466C700B0322E /* Frameworks */,
				815B33951AE466C700B0322E /* Products */,
			);
			sourceTree = "<group>";
		};
		815B33951AE466C700B0322E /* Products */ = {
			isa = PBXGroup;
			children = (
				815B33941AE466C700B0322E /* Backgrounder.app */,
			);
			name = Products;
			sourceTree = "<group>";
		};
		815B33961AE466C700B0322E /* Frameworks */ = {
			isa = PBXGroup;
			children = (
				815B33971AE466C700B0322E /* GD.framework */,
				815B33991AE466C700B0322E /* LocalAuthentication.framework */,
				815B339B1AE466C700B0322E /* CoreTelephony.framework */,
				815B339D1AE466C700B0322E /* SystemConfiguration.framework */,
				815B339F1AE466C700B0322E /* Security.framework */,
				815B33A11AE466C700B0322E /* QuartzCore.framework */,
				815B33A31AE466C700B0322E /* CFNetwork.framework */,
				815B33A51AE466C700B0322E /* CoreData.framework */,
				815B33A71AE466C700B0322E /* AdSupport.framework */,
				815B33A91AE466C700B0322E /* MessageUI.framework */,
				815B33AB1AE466C700B0322E /* QuickLook.framework */,
				815B33AD1AE466C700B0322E /* MobileCoreServices.framework */,
			);
			name = Frameworks;
			sourceTree = "<group>";
		};
		815B33AF1AE466C700B0322E /* Backgrounder */ = {
			isa = PBXGroup;
			children = (
				815B34AA1AE47B7100B0322E /* gdcontributor */,
				815B33B41AE466C700B0322E /* AppDelegate.h */,
				815B33B51AE466C700B0322E /* AppDelegate.m */,
				815B34A31AE4734900B0322E /* MainPageViewController.h */,
				815B34A41AE4734900B0322E /* MainPageViewController.m */,
				815B33C11AE466C700B0322E /* Images.xcassets */,
				815B33BB1AE466C700B0322E /* Resources */,
				815B33B01AE466C700B0322E /* Supporting Files */,
				815B33C31AE466C700B0322E /* LaunchScreen.xib */,
				815B33BE1AE466C700B0322E /* Main.storyboard */,
			);
			path = Backgrounder;
			sourceTree = "<group>";
		};
		815B33B01AE466C700B0322E /* Supporting Files */ = {
			isa = PBXGroup;
			children = (
				815B33B11AE466C700B0322E /* Info.plist */,
				815B33B21AE466C700B0322E /* main.m */,
				815B33BA1AE466C700B0322E /* default.xcconfig */,
			);
			name = "Supporting Files";
			sourceTree = "<group>";
		};
		815B33BB1AE466C700B0322E /* Resources */ = {
			isa = PBXGroup;
			children = (
				815B34A11AE472CE00B0322E /* backgrounderlogo_xcf.png */,
				815B33BC1AE466C700B0322E /* GDAssets.bundle */,
			);
			name = Resources;
			sourceTree = "<group>";
		};
		815B34AA1AE47B7100B0322E /* gdcontributor */ = {
			isa = PBXGroup;
			children = (
				815B34E81AE47B7100B0322E /* src */,
			);
			name = gdcontributor;
			path = ../../..;
			sourceTree = "<group>";
		};
		815B34E81AE47B7100B0322E /* src */ = {
			isa = PBXGroup;
			children = (
				815B34E91AE47B7100B0322E /* appkinetics */,
				815B35041AE47B7100B0322E /* backgrounder */,
				815B35071AE47B7100B0322E /* demo */,
				815B35261AE47B7100B0322E /* demoframework */,
				815B352B1AE47B7100B0322E /* gdruntime */,
				815B352E1AE47B7100B0322E /* pathstore */,
			);
			path = src;
			sourceTree = "<group>";
		};
		815B34E91AE47B7100B0322E /* appkinetics */ = {
			isa = PBXGroup;
			children = (
				815B34EA1AE47B7100B0322E /* core */,
				815B34F11AE47B7100B0322E /* specific */,
			);
			path = appkinetics;
			sourceTree = "<group>";
		};
		815B34EA1AE47B7100B0322E /* core */ = {
			isa = PBXGroup;
			children = (
				815B34EB1AE47B7100B0322E /* gdDispatcher.h */,
				815B34EC1AE47B7100B0322E /* gdDispatcher.m */,
				815B34ED1AE47B7100B0322E /* gdProvider.h */,
				815B34EE1AE47B7100B0322E /* gdProvider.m */,
				815B34EF1AE47B7100B0322E /* gdRequest.h */,
				815B34F01AE47B7100B0322E /* gdRequest.m */,
			);
			path = core;
			sourceTree = "<group>";
		};
		815B34F11AE47B7100B0322E /* specific */ = {
			isa = PBXGroup;
			children = (
				819683281AE863AC00E8BF5E /* gdProviderPlayBackgroundSound.h */,
				819683291AE863AC00E8BF5E /* gdProviderPlayBackgroundSound.m */,
				8196832B1AE8650200E8BF5E /* gdRequestPlayBackgroundSound.h */,
				8196832C1AE8650200E8BF5E /* gdRequestPlayBackgroundSound.m */,
			);
			path = specific;
			sourceTree = "<group>";
		};
		815B35041AE47B7100B0322E /* backgrounder */ = {
			isa = PBXGroup;
			children = (
				815B35051AE47B7100B0322E /* Backgrounder.h */,
				815B35061AE47B7100B0322E /* Backgrounder.m */,
				81FA60341AE94EAE00EE5C4E /* BackgrounderForGoodDynamics.h */,
				81FA60351AE94EAE00EE5C4E /* BackgrounderForGoodDynamics.m */,
				81C574CC1AE9F53900680EE2 /* Telephony.h */,
				81C574CD1AE9F53900680EE2 /* Telephony.m */,
			);
			path = backgrounder;
			sourceTree = "<group>";
		};
		815B35071AE47B7100B0322E /* demo */ = {
			isa = PBXGroup;
			children = (
				815B35761AE47BE900B0322E /* DemoBackgrounder.h */,
				815B35771AE47BE900B0322E /* DemoBackgrounder.m */,
				81978E1B1AE89153002B4E13 /* DemoProvidePlayBackgroundSound.h */,
				81978E1C1AE89153002B4E13 /* DemoProvidePlayBackgroundSound.m */,
				815B35201AE47B7100B0322E /* DemoUtility.h */,
				815B35211AE47B7100B0322E /* DemoUtility.m */,
				815B35221AE47B7100B0322E /* MainPage.h */,
				815B35231AE47B7100B0322E /* MainPage.m */,
				815B35241AE47B7100B0322E /* MainPageForGoodDynamics.h */,
				815B35251AE47B7100B0322E /* MainPageForGoodDynamics.m */,
			);
			path = demo;
			sourceTree = "<group>";
		};
		815B35261AE47B7100B0322E /* demoframework */ = {
			isa = PBXGroup;
			children = (
				815B35271AE47B7100B0322E /* DemoComponent-protocol.h */,
				815B35281AE47B7100B0322E /* DemoComponent.h */,
				815B35291AE47B7100B0322E /* DemoComponent.m */,
				815B352A1AE47B7100B0322E /* DemoUserInterface.h */,
			);
			path = demoframework;
			sourceTree = "<group>";
		};
		815B352B1AE47B7100B0322E /* gdruntime */ = {
			isa = PBXGroup;
			children = (
				815B352C1AE47B7100B0322E /* gdRuntimeDispatcher.h */,
				815B352D1AE47B7100B0322E /* gdRuntimeDispatcher.m */,
			);
			path = gdruntime;
			sourceTree = "<group>";
		};
		815B352E1AE47B7100B0322E /* pathstore */ = {
			isa = PBXGroup;
			children = (
				815B352F1AE47B7100B0322E /* PathStore.h */,
				815B35301AE47B7100B0322E /* PathStore.m */,
			);
			path = pathstore;
			sourceTree = "<group>";
		};
/* End PBXGroup section */

/* Begin PBXNativeTarget section */
		815B33931AE466C700B0322E /* Backgrounder */ = {
			isa = PBXNativeTarget;
			buildConfigurationList = 815B33D41AE466C700B0322E /* Build configuration list for PBXNativeTarget "Backgrounder" */;
			buildPhases = (
				815B33901AE466C700B0322E /* Sources */,
				815B33911AE466C700B0322E /* Frameworks */,
				815B33921AE466C700B0322E /* Resources */,
			);
			buildRules = (
			);
			dependencies = (
			);
			name = Backgrounder;
			productName = Backgrounder;
			productReference = 815B33941AE466C700B0322E /* Backgrounder.app */;
			productType = "com.apple.product-type.application";
		};
/* End PBXNativeTarget section */

/* Begin PBXProject section */
		815B338C1AE466C700B0322E /* Project object */ = {
			isa = PBXProject;
			attributes = {
				LastUpgradeCheck = 0630;
				ORGANIZATIONNAME = jhawkins;
				TargetAttributes = {
					815B33931AE466C700B0322E = {
						CreatedOnToolsVersion = 6.3;
					};
				};
			};
			buildConfigurationList = 815B338F1AE466C700B0322E /* Build configuration list for PBXProject "Backgrounder" */;
			compatibilityVersion = "Xcode 3.2";
			developmentRegion = English;
			hasScannedForEncodings = 0;
			knownRegions = (
				en,
				Base,
			);
			mainGroup = 815B338B1AE466C700B0322E;
			productRefGroup = 815B33951AE466C700B0322E /* Products */;
			projectDirPath = "";
			projectRoot = "";
			targets = (
				815B33931AE466C700B0322E /* Backgrounder */,
			);
		};
/* End PBXProject section */

/* Begin PBXResourcesBuildPhase section */
		815B33921AE466C700B0322E /* Resources */ = {
			isa = PBXResourcesBuildPhase;
			buildActionMask = 2147483647;
			files = (
				815B34A91AE476F600B0322E /* readme.txt in Resources */,
				815B33C51AE466C700B0322E /* LaunchScreen.xib in Resources */,
				815B357A1AE47EA200B0322E /* sounds in Resources */,
				815B33C21AE466C700B0322E /* Images.xcassets in Resources */,
				815B33BD1AE466C700B0322E /* GDAssets.bundle in Resources */,
				815B33C01AE466C700B0322E /* Main.storyboard in Resources */,
				815B34A21AE472CE00B0322E /* backgrounderlogo_xcf.png in Resources */,
			);
			runOnlyForDeploymentPostprocessing = 0;
		};
/* End PBXResourcesBuildPhase section */

/* Begin PBXSourcesBuildPhase section */
		815B33901AE466C700B0322E /* Sources */ = {
			isa = PBXSourcesBuildPhase;
			buildActionMask = 2147483647;
			files = (
				815B356F1AE47B7100B0322E /* PathStore.m in Sources */,
				81C574CE1AE9F53900680EE2 /* Telephony.m in Sources */,
				815B35511AE47B7100B0322E /* gdDispatcher.m in Sources */,
				815B356D1AE47B7100B0322E /* DemoComponent.m in Sources */,
				81FA60361AE94EAE00EE5C4E /* BackgrounderForGoodDynamics.m in Sources */,
				815B35781AE47BE900B0322E /* DemoBackgrounder.m in Sources */,
				815B33B61AE466C700B0322E /* AppDelegate.m in Sources */,
				815B356E1AE47B7100B0322E /* gdRuntimeDispatcher.m in Sources */,
				815B33B31AE466C700B0322E /* main.m in Sources */,
				815B34A51AE4734900B0322E /* MainPageViewController.m in Sources */,
				815B35521AE47B7100B0322E /* gdProvider.m in Sources */,
				815B356B1AE47B7100B0322E /* MainPage.m in Sources */,
				8196832D1AE8650200E8BF5E /* gdRequestPlayBackgroundSound.m in Sources */,
				8196832A1AE863AC00E8BF5E /* gdProviderPlayBackgroundSound.m in Sources */,
				815B356A1AE47B7100B0322E /* DemoUtility.m in Sources */,
				81978E1D1AE89153002B4E13 /* DemoProvidePlayBackgroundSound.m in Sources */,
				815B355D1AE47B7100B0322E /* Backgrounder.m in Sources */,
				815B35531AE47B7100B0322E /* gdRequest.m in Sources */,
				815B356C1AE47B7100B0322E /* MainPageForGoodDynamics.m in Sources */,
			);
			runOnlyForDeploymentPostprocessing = 0;
		};
/* End PBXSourcesBuildPhase section */

/* Begin PBXVariantGroup section */
		815B33BE1AE466C700B0322E /* Main.storyboard */ = {
			isa = PBXVariantGroup;
			children = (
				815B33BF1AE466C700B0322E /* Base */,
			);
			name = Main.storyboard;
			sourceTree = "<group>";
		};
		815B33C31AE466C700B0322E /* LaunchScreen.xib */ = {
			isa = PBXVariantGroup;
			children = (
				815B33C41AE466C700B0322E /* Base */,
			);
			name = LaunchScreen.xib;
			sourceTree = "<group>";
		};
/* End PBXVariantGroup section */

/* Begin XCBuildConfiguration section */
		815B33D21AE466C700B0322E /* Debug */ = {
			isa = XCBuildConfiguration;
			buildSettings = {
				ALWAYS_SEARCH_USER_PATHS = NO;
				CLANG_CXX_LANGUAGE_STANDARD = "gnu++0x";
				CLANG_CXX_LIBRARY = "libc++";
				CLANG_ENABLE_MODULES = YES;
				CLANG_ENABLE_OBJC_ARC = YES;
				CLANG_WARN_BOOL_CONVERSION = YES;
				CLANG_WARN_CONSTANT_CONVERSION = YES;
				CLANG_WARN_DIRECT_OBJC_ISA_USAGE = YES_ERROR;
				CLANG_WARN_EMPTY_BODY = YES;
				CLANG_WARN_ENUM_CONVERSION = YES;
				CLANG_WARN_INT_CONVERSION = YES;
				CLANG_WARN_OBJC_ROOT_CLASS = YES_ERROR;
				CLANG_WARN_UNREACHABLE_CODE = YES;
				CLANG_WARN__DUPLICATE_METHOD_MATCH = YES;
				"CODE_SIGN_IDENTITY[sdk=iphoneos*]" = "iPhone Developer";
				COPY_PHASE_STRIP = NO;
				DEBUG_INFORMATION_FORMAT = "dwarf-with-dsym";
				ENABLE_STRICT_OBJC_MSGSEND = YES;
				GCC_C_LANGUAGE_STANDARD = gnu99;
				GCC_DYNAMIC_NO_PIC = NO;
				GCC_NO_COMMON_BLOCKS = YES;
				GCC_OPTIMIZATION_LEVEL = 0;
				GCC_PREPROCESSOR_DEFINITIONS = (
					"DEBUG=1",
					"$(inherited)",
				);
				GCC_SYMBOLS_PRIVATE_EXTERN = NO;
				GCC_VERSION = com.apple.compilers.llvm.clang.1_0;
				GCC_WARN_64_TO_32_BIT_CONVERSION = YES;
				GCC_WARN_ABOUT_RETURN_TYPE = YES_ERROR;
				GCC_WARN_UNDECLARED_SELECTOR = YES;
				GCC_WARN_UNINITIALIZED_AUTOS = YES_AGGRESSIVE;
				GCC_WARN_UNUSED_FUNCTION = YES;
				GCC_WARN_UNUSED_VARIABLE = YES;
				IPHONEOS_DEPLOYMENT_TARGET = 6.1;
				MTL_ENABLE_DEBUG_INFO = YES;
				ONLY_ACTIVE_ARCH = YES;
				SDKROOT = iphoneos;
				TARGETED_DEVICE_FAMILY = "1,2";
				VALID_ARCHS = "$(ARCHS_STANDARD)";
			};
			name = Debug;
		};
		815B33D31AE466C700B0322E /* Release */ = {
			isa = XCBuildConfiguration;
			buildSettings = {
				ALWAYS_SEARCH_USER_PATHS = NO;
				CLANG_CXX_LANGUAGE_STANDARD = "gnu++0x";
				CLANG_CXX_LIBRARY = "libc++";
				CLANG_ENABLE_MODULES = YES;
				CLANG_ENABLE_OBJC_ARC = YES;
				CLANG_WARN_BOOL_CONVERSION = YES;
				CLANG_WARN_CONSTANT_CONVERSION = YES;
				CLANG_WARN_DIRECT_OBJC_ISA_USAGE = YES_ERROR;
				CLANG_WARN_EMPTY_BODY = YES;
				CLANG_WARN_ENUM_CONVERSION = YES;
				CLANG_WARN_INT_CONVERSION = YES;
				CLANG_WARN_OBJC_ROOT_CLASS = YES_ERROR;
				CLANG_WARN_UNREACHABLE_CODE = YES;
				CLANG_WARN__DUPLICATE_METHOD_MATCH = YES;
				"CODE_SIGN_IDENTITY[sdk=iphoneos*]" = "iPhone Developer";
				COPY_PHASE_STRIP = NO;
				DEBUG_INFORMATION_FORMAT = "dwarf-with-dsym";
				ENABLE_NS_ASSERTIONS = NO;
				ENABLE_STRICT_OBJC_MSGSEND = YES;
				GCC_C_LANGUAGE_STANDARD = gnu99;
				GCC_NO_COMMON_BLOCKS = YES;
				GCC_VERSION = com.apple.compilers.llvm.clang.1_0;
				GCC_WARN_64_TO_32_BIT_CONVERSION = YES;
				GCC_WARN_ABOUT_RETURN_TYPE = YES_ERROR;
				GCC_WARN_UNDECLARED_SELECTOR = YES;
				GCC_WARN_UNINITIALIZED_AUTOS = YES_AGGRESSIVE;
				GCC_WARN_UNUSED_FUNCTION = YES;
				GCC_WARN_UNUSED_VARIABLE = YES;
				IPHONEOS_DEPLOYMENT_TARGET = 6.1;
				MTL_ENABLE_DEBUG_INFO = NO;
				ONLY_ACTIVE_ARCH = YES;
				SDKROOT = iphoneos;
				TARGETED_DEVICE_FAMILY = "1,2";
				VALIDATE_PRODUCT = YES;
				VALID_ARCHS = "$(ARCHS_STANDARD)";
			};
			name = Release;
		};
		815B33D51AE466C700B0322E /* Debug */ = {
			isa = XCBuildConfiguration;
			baseConfigurationReference = 815B33BA1AE466C700B0322E /* default.xcconfig */;
			buildSettings = {
				ASSETCATALOG_COMPILER_APPICON_NAME = AppIcon;
				INFOPLIST_FILE = Backgrounder/Info.plist;
				LD_RUNPATH_SEARCH_PATHS = "$(inherited) @executable_path/Frameworks";
				OTHER_LDFLAGS = (
					"-lstdc++",
					"-lz",
				);
				PRODUCT_NAME = "$(TARGET_NAME)";
			};
			name = Debug;
		};
		815B33D61AE466C700B0322E /* Release */ = {
			isa = XCBuildConfiguration;
			baseConfigurationReference = 815B33BA1AE466C700B0322E /* default.xcconfig */;
			buildSettings = {
				ASSETCATALOG_COMPILER_APPICON_NAME = AppIcon;
				INFOPLIST_FILE = Backgrounder/Info.plist;
				LD_RUNPATH_SEARCH_PATHS = "$(inherited) @executable_path/Frameworks";
				OTHER_LDFLAGS = (
					"-lstdc++",
					"-lz",
				);
				PRODUCT_NAME = "$(TARGET_NAME)";
			};
			name = Release;
		};
/* End XCBuildConfiguration section */

/* Begin XCConfigurationList section */
		815B338F1AE466C700B0322E /* Build configuration list for PBXProject "Backgrounder" */ = {
			isa = XCConfigurationList;
			buildConfigurations = (
				815B33D21AE466C700B0322E /* Debug */,
				815B33D31AE466C700B0322E /* Release */,
			);
			defaultConfigurationIsVisible = 0;
			defaultConfigurationName = Release;
		};
		815B33D41AE466C700B0322E /* Build configuration list for PBXNativeTarget "Backgrounder" */ = {
			isa = XCConfigurationList;
			buildConfigurations = (
				815B33D51AE466C700B0322E /* Debug */,
				815B33D61AE466C700B0322E /* Release */,
			);
			defaultConfigurationIsVisible = 0;
			defaultConfigurationName = Release;
		};
/* End XCConfigurationList section */
	};
	rootObject = 815B338C1AE466C700B0322E /* Project object */;
}
